// !$*UTF8*$!
{
	archiveVersion = 1;
	classes = {
	};
	objectVersion = 50;
	objects = {

/* Begin PBXBuildFile section */
		5E35110A270653C200906128 /* AnnotationManager.swift in Sources */ = {isa = PBXBuildFile; fileRef = 5E351109270653C200906128 /* AnnotationManager.swift */; };
		5E35111527066FC500906128 /* CustomAnnotationView.swift in Sources */ = {isa = PBXBuildFile; fileRef = 5E35111427066FC500906128 /* CustomAnnotationView.swift */; };
		5EA55FBF2705CF4A006A0622 /* AppDelegate.swift in Sources */ = {isa = PBXBuildFile; fileRef = 5EA55FBE2705CF4A006A0622 /* AppDelegate.swift */; };
		5EA55FC82705CF4C006A0622 /* Assets.xcassets in Resources */ = {isa = PBXBuildFile; fileRef = 5EA55FC72705CF4C006A0622 /* Assets.xcassets */; };
		5EA55FCB2705CF4C006A0622 /* LaunchScreen.storyboard in Resources */ = {isa = PBXBuildFile; fileRef = 5EA55FC92705CF4C006A0622 /* LaunchScreen.storyboard */; };
		5EA55FD32705CFA6006A0622 /* MapViewController.swift in Sources */ = {isa = PBXBuildFile; fileRef = 5EA55FD22705CFA6006A0622 /* MapViewController.swift */; };
		5EA55FDB2705DA93006A0622 /* PrintFn.swift in Sources */ = {isa = PBXBuildFile; fileRef = 5EA55FDA2705DA93006A0622 /* PrintFn.swift */; };
		5EA55FDD2705DA9B006A0622 /* UIView+anchor.swift in Sources */ = {isa = PBXBuildFile; fileRef = 5EA55FDC2705DA9B006A0622 /* UIView+anchor.swift */; };
		5EA5624527060038006A0622 /* LocationManager.swift in Sources */ = {isa = PBXBuildFile; fileRef = 5EA5624427060038006A0622 /* LocationManager.swift */; };
		5EA5624927061F23006A0622 /* CLLocationCoordinate2D+Equatable.swift in Sources */ = {isa = PBXBuildFile; fileRef = 5EA5624827061F23006A0622 /* CLLocationCoordinate2D+Equatable.swift */; };
/* End PBXBuildFile section */

/* Begin PBXFileReference section */
		5E351109270653C200906128 /* AnnotationManager.swift */ = {isa = PBXFileReference; lastKnownFileType = sourcecode.swift; path = AnnotationManager.swift; sourceTree = "<group>"; };
		5E35111427066FC500906128 /* CustomAnnotationView.swift */ = {isa = PBXFileReference; lastKnownFileType = sourcecode.swift; path = CustomAnnotationView.swift; sourceTree = "<group>"; };
		5EA55FBB2705CF4A006A0622 /* Practice2.app */ = {isa = PBXFileReference; explicitFileType = wrapper.application; includeInIndex = 0; path = Practice2.app; sourceTree = BUILT_PRODUCTS_DIR; };
		5EA55FBE2705CF4A006A0622 /* AppDelegate.swift */ = {isa = PBXFileReference; lastKnownFileType = sourcecode.swift; path = AppDelegate.swift; sourceTree = "<group>"; };
		5EA55FC72705CF4C006A0622 /* Assets.xcassets */ = {isa = PBXFileReference; lastKnownFileType = folder.assetcatalog; path = Assets.xcassets; sourceTree = "<group>"; };
		5EA55FCA2705CF4C006A0622 /* Base */ = {isa = PBXFileReference; lastKnownFileType = file.storyboard; name = Base; path = Base.lproj/LaunchScreen.storyboard; sourceTree = "<group>"; };
		5EA55FCC2705CF4C006A0622 /* Info.plist */ = {isa = PBXFileReference; lastKnownFileType = text.plist.xml; path = Info.plist; sourceTree = "<group>"; };
		5EA55FD22705CFA6006A0622 /* MapViewController.swift */ = {isa = PBXFileReference; lastKnownFileType = sourcecode.swift; path = MapViewController.swift; sourceTree = "<group>"; };
		5EA55FDA2705DA93006A0622 /* PrintFn.swift */ = {isa = PBXFileReference; lastKnownFileType = sourcecode.swift; path = PrintFn.swift; sourceTree = "<group>"; };
		5EA55FDC2705DA9B006A0622 /* UIView+anchor.swift */ = {isa = PBXFileReference; lastKnownFileType = sourcecode.swift; path = "UIView+anchor.swift"; sourceTree = "<group>"; };
		5EA5624427060038006A0622 /* LocationManager.swift */ = {isa = PBXFileReference; lastKnownFileType = sourcecode.swift; path = LocationManager.swift; sourceTree = "<group>"; };
		5EA5624827061F23006A0622 /* CLLocationCoordinate2D+Equatable.swift */ = {isa = PBXFileReference; lastKnownFileType = sourcecode.swift; path = "CLLocationCoordinate2D+Equatable.swift"; sourceTree = "<group>"; };
/* End PBXFileReference section */

/* Begin PBXFrameworksBuildPhase section */
		5EA55FB82705CF4A006A0622 /* Frameworks */ = {
			isa = PBXFrameworksBuildPhase;
			buildActionMask = 2147483647;
			files = (
			);
			runOnlyForDeploymentPostprocessing = 0;
		};
/* End PBXFrameworksBuildPhase section */

/* Begin PBXGroup section */
		5E35110F270663A200906128 /* View */ = {
			isa = PBXGroup;
			children = (
				5E35111427066FC500906128 /* CustomAnnotationView.swift */,
			);
			path = View;
			sourceTree = "<group>";
		};
		5EA55FB22705CF4A006A0622 = {
			isa = PBXGroup;
			children = (
				5EA55FBD2705CF4A006A0622 /* Practice2 */,
				5EA55FBC2705CF4A006A0622 /* Products */,
			);
			sourceTree = "<group>";
		};
		5EA55FBC2705CF4A006A0622 /* Products */ = {
			isa = PBXGroup;
			children = (
				5EA55FBB2705CF4A006A0622 /* Practice2.app */,
			);
			name = Products;
			sourceTree = "<group>";
		};
		5EA55FBD2705CF4A006A0622 /* Practice2 */ = {
			isa = PBXGroup;
			children = (
				5E35110F270663A200906128 /* View */,
				5EA55FD82705DA45006A0622 /* ViewController */,
				5EA5624327060025006A0622 /* Utility */,
				5EA55FD62705DA36006A0622 /* Extension */,
				5EA55FD92705DA77006A0622 /* Function */,
				5EA55FBE2705CF4A006A0622 /* AppDelegate.swift */,
				5EA55FC72705CF4C006A0622 /* Assets.xcassets */,
				5EA55FC92705CF4C006A0622 /* LaunchScreen.storyboard */,
				5EA55FCC2705CF4C006A0622 /* Info.plist */,
			);
			path = Practice2;
			sourceTree = "<group>";
		};
		5EA55FD62705DA36006A0622 /* Extension */ = {
			isa = PBXGroup;
			children = (
				5EA55FDC2705DA9B006A0622 /* UIView+anchor.swift */,
				5EA5624827061F23006A0622 /* CLLocationCoordinate2D+Equatable.swift */,
			);
			path = Extension;
			sourceTree = "<group>";
		};
		5EA55FD82705DA45006A0622 /* ViewController */ = {
			isa = PBXGroup;
			children = (
				5EA55FD22705CFA6006A0622 /* MapViewController.swift */,
			);
			path = ViewController;
			sourceTree = "<group>";
		};
		5EA55FD92705DA77006A0622 /* Function */ = {
			isa = PBXGroup;
			children = (
				5EA55FDA2705DA93006A0622 /* PrintFn.swift */,
			);
			path = Function;
			sourceTree = "<group>";
		};
		5EA5624327060025006A0622 /* Utility */ = {
			isa = PBXGroup;
			children = (
				5EA5624427060038006A0622 /* LocationManager.swift */,
				5E351109270653C200906128 /* AnnotationManager.swift */,
			);
			path = Utility;
			sourceTree = "<group>";
		};
/* End PBXGroup section */

/* Begin PBXNativeTarget section */
		5EA55FBA2705CF4A006A0622 /* Practice2 */ = {
			isa = PBXNativeTarget;
			buildConfigurationList = 5EA55FCF2705CF4C006A0622 /* Build configuration list for PBXNativeTarget "Practice2" */;
			buildPhases = (
				5EA55FB72705CF4A006A0622 /* Sources */,
				5EA55FB82705CF4A006A0622 /* Frameworks */,
				5EA55FB92705CF4A006A0622 /* Resources */,
			);
			buildRules = (
			);
			dependencies = (
			);
			name = Practice2;
			productName = Practice2;
			productReference = 5EA55FBB2705CF4A006A0622 /* Practice2.app */;
			productType = "com.apple.product-type.application";
		};
/* End PBXNativeTarget section */

/* Begin PBXProject section */
		5EA55FB32705CF4A006A0622 /* Project object */ = {
			isa = PBXProject;
			attributes = {
				LastSwiftUpdateCheck = 1300;
				LastUpgradeCheck = 1300;
				TargetAttributes = {
					5EA55FBA2705CF4A006A0622 = {
						CreatedOnToolsVersion = 13.0;
					};
				};
			};
			buildConfigurationList = 5EA55FB62705CF4A006A0622 /* Build configuration list for PBXProject "Practice2" */;
			compatibilityVersion = "Xcode 9.3";
			developmentRegion = en;
			hasScannedForEncodings = 0;
			knownRegions = (
				en,
				Base,
			);
			mainGroup = 5EA55FB22705CF4A006A0622;
			productRefGroup = 5EA55FBC2705CF4A006A0622 /* Products */;
			projectDirPath = "";
			projectRoot = "";
			targets = (
				5EA55FBA2705CF4A006A0622 /* Practice2 */,
			);
		};
/* End PBXProject section */

/* Begin PBXResourcesBuildPhase section */
		5EA55FB92705CF4A006A0622 /* Resources */ = {
			isa = PBXResourcesBuildPhase;
			buildActionMask = 2147483647;
			files = (
				5EA55FCB2705CF4C006A0622 /* LaunchScreen.storyboard in Resources */,
				5EA55FC82705CF4C006A0622 /* Assets.xcassets in Resources */,
			);
			runOnlyForDeploymentPostprocessing = 0;
		};
/* End PBXResourcesBuildPhase section */

/* Begin PBXSourcesBuildPhase section */
		5EA55FB72705CF4A006A0622 /* Sources */ = {
			isa = PBXSourcesBuildPhase;
			buildActionMask = 2147483647;
			files = (
				5EA55FDD2705DA9B006A0622 /* UIView+anchor.swift in Sources */,
				5EA55FBF2705CF4A006A0622 /* AppDelegate.swift in Sources */,
				5EA5624927061F23006A0622 /* CLLocationCoordinate2D+Equatable.swift in Sources */,
				5EA5624527060038006A0622 /* LocationManager.swift in Sources */,
				5EA55FDB2705DA93006A0622 /* PrintFn.swift in Sources */,
				5EA55FD32705CFA6006A0622 /* MapViewController.swift in Sources */,
				5E35111527066FC500906128 /* CustomAnnotationView.swift in Sources */,
				5E35110A270653C200906128 /* AnnotationManager.swift in Sources */,
			);
			runOnlyForDeploymentPostprocessing = 0;
		};
/* End PBXSourcesBuildPhase section */

/* Begin PBXVariantGroup section */
		5EA55FC92705CF4C006A0622 /* LaunchScreen.storyboard */ = {
			isa = PBXVariantGroup;
			children = (
				5EA55FCA2705CF4C006A0622 /* Base */,
			);
			name = LaunchScreen.storyboard;
			sourceTree = "<group>";
		};
/* End PBXVariantGroup section */

/* Begin XCBuildConfiguration section */
		5EA55FCD2705CF4C006A0622 /* Debug */ = {
			isa = XCBuildConfiguration;
			buildSettings = {
				ALWAYS_SEARCH_USER_PATHS = NO;
				CLANG_ANALYZER_NONNULL = YES;
				CLANG_ANALYZER_NUMBER_OBJECT_CONVERSION = YES_AGGRESSIVE;
				CLANG_CXX_LANGUAGE_STANDARD = "gnu++17";
				CLANG_CXX_LIBRARY = "libc++";
				CLANG_ENABLE_MODULES = YES;
				CLANG_ENABLE_OBJC_ARC = NO;
				CLANG_ENABLE_OBJC_WEAK = YES;
				CLANG_WARN_BLOCK_CAPTURE_AUTORELEASING = YES;
				CLANG_WARN_BOOL_CONVERSION = YES;
				CLANG_WARN_COMMA = YES;
				CLANG_WARN_CONSTANT_CONVERSION = YES;
				CLANG_WARN_DEPRECATED_OBJC_IMPLEMENTATIONS = YES;
				CLANG_WARN_DIRECT_OBJC_ISA_USAGE = YES_ERROR;
				CLANG_WARN_DOCUMENTATION_COMMENTS = YES;
				CLANG_WARN_EMPTY_BODY = YES;
				CLANG_WARN_ENUM_CONVERSION = YES;
				CLANG_WARN_INFINITE_RECURSION = YES;
				CLANG_WARN_INT_CONVERSION = YES;
				CLANG_WARN_NON_LITERAL_NULL_CONVERSION = YES;
				CLANG_WARN_OBJC_IMPLICIT_RETAIN_SELF = YES;
				CLANG_WARN_OBJC_LITERAL_CONVERSION = YES;
				CLANG_WARN_OBJC_ROOT_CLASS = YES_ERROR;
				CLANG_WARN_QUOTED_INCLUDE_IN_FRAMEWORK_HEADER = YES;
				CLANG_WARN_RANGE_LOOP_ANALYSIS = YES;
				CLANG_WARN_STRICT_PROTOTYPES = YES;
				CLANG_WARN_SUSPICIOUS_MOVE = YES;
				CLANG_WARN_UNGUARDED_AVAILABILITY = YES_AGGRESSIVE;
				CLANG_WARN_UNREACHABLE_CODE = YES;
				CLANG_WARN__DUPLICATE_METHOD_MATCH = YES;
				COPY_PHASE_STRIP = NO;
				DEBUG_INFORMATION_FORMAT = dwarf;
				ENABLE_STRICT_OBJC_MSGSEND = YES;
				ENABLE_TESTABILITY = YES;
				GCC_C_LANGUAGE_STANDARD = gnu11;
				GCC_DYNAMIC_NO_PIC = NO;
				GCC_NO_COMMON_BLOCKS = YES;
				GCC_OPTIMIZATION_LEVEL = 0;
				GCC_PREPROCESSOR_DEFINITIONS = (
					"DEBUG=1",
					"$(inherited)",
				);
				GCC_WARN_64_TO_32_BIT_CONVERSION = YES;
				GCC_WARN_ABOUT_RETURN_TYPE = YES_ERROR;
				GCC_WARN_UNDECLARED_SELECTOR = YES;
				GCC_WARN_UNINITIALIZED_AUTOS = YES_AGGRESSIVE;
				GCC_WARN_UNUSED_FUNCTION = YES;
				GCC_WARN_UNUSED_VARIABLE = YES;
				IPHONEOS_DEPLOYMENT_TARGET = 15.0;
				MTL_ENABLE_DEBUG_INFO = INCLUDE_SOURCE;
				MTL_FAST_MATH = YES;
				ONLY_ACTIVE_ARCH = YES;
				SDKROOT = iphoneos;
				SWIFT_ACTIVE_COMPILATION_CONDITIONS = DEBUG;
				SWIFT_OPTIMIZATION_LEVEL = "-Onone";
			};
			name = Debug;
		};
		5EA55FCE2705CF4C006A0622 /* Release */ = {
			isa = XCBuildConfiguration;
			buildSettings = {
				ALWAYS_SEARCH_USER_PATHS = NO;
				CLANG_ANALYZER_NONNULL = YES;
				CLANG_ANALYZER_NUMBER_OBJECT_CONVERSION = YES_AGGRESSIVE;
				CLANG_CXX_LANGUAGE_STANDARD = "gnu++17";
				CLANG_CXX_LIBRARY = "libc++";
				CLANG_ENABLE_MODULES = YES;
				CLANG_ENABLE_OBJC_ARC = NO;
				CLANG_ENABLE_OBJC_WEAK = YES;
				CLANG_WARN_BLOCK_CAPTURE_AUTORELEASING = YES;
				CLANG_WARN_BOOL_CONVERSION = YES;
				CLANG_WARN_COMMA = YES;
				CLANG_WARN_CONSTANT_CONVERSION = YES;
				CLANG_WARN_DEPRECATED_OBJC_IMPLEMENTATIONS = YES;
				CLANG_WARN_DIRECT_OBJC_ISA_USAGE = YES_ERROR;
				CLANG_WARN_DOCUMENTATION_COMMENTS = YES;
				CLANG_WARN_EMPTY_BODY = YES;
				CLANG_WARN_ENUM_CONVERSION = YES;
				CLANG_WARN_INFINITE_RECURSION = YES;
				CLANG_WARN_INT_CONVERSION = YES;
				CLANG_WARN_NON_LITERAL_NULL_CONVERSION = YES;
				CLANG_WARN_OBJC_IMPLICIT_RETAIN_SELF = YES;
				CLANG_WARN_OBJC_LITERAL_CONVERSION = YES;
				CLANG_WARN_OBJC_ROOT_CLASS = YES_ERROR;
				CLANG_WARN_QUOTED_INCLUDE_IN_FRAMEWORK_HEADER = YES;
				CLANG_WARN_RANGE_LOOP_ANALYSIS = YES;
				CLANG_WARN_STRICT_PROTOTYPES = YES;
				CLANG_WARN_SUSPICIOUS_MOVE = YES;
				CLANG_WARN_UNGUARDED_AVAILABILITY = YES_AGGRESSIVE;
				CLANG_WARN_UNREACHABLE_CODE = YES;
				CLANG_WARN__DUPLICATE_METHOD_MATCH = YES;
				COPY_PHASE_STRIP = NO;
				DEBUG_INFORMATION_FORMAT = "dwarf-with-dsym";
				ENABLE_NS_ASSERTIONS = NO;
				ENABLE_STRICT_OBJC_MSGSEND = YES;
				GCC_C_LANGUAGE_STANDARD = gnu11;
				GCC_NO_COMMON_BLOCKS = YES;
				GCC_WARN_64_TO_32_BIT_CONVERSION = YES;
				GCC_WARN_ABOUT_RETURN_TYPE = YES_ERROR;
				GCC_WARN_UNDECLARED_SELECTOR = YES;
				GCC_WARN_UNINITIALIZED_AUTOS = YES_AGGRESSIVE;
				GCC_WARN_UNUSED_FUNCTION = YES;
				GCC_WARN_UNUSED_VARIABLE = YES;
				IPHONEOS_DEPLOYMENT_TARGET = 15.0;
				MTL_ENABLE_DEBUG_INFO = NO;
				MTL_FAST_MATH = YES;
				SDKROOT = iphoneos;
				SWIFT_COMPILATION_MODE = wholemodule;
				SWIFT_OPTIMIZATION_LEVEL = "-O";
				VALIDATE_PRODUCT = YES;
			};
			name = Release;
		};
		5EA55FD02705CF4C006A0622 /* Debug */ = {
			isa = XCBuildConfiguration;
			buildSettings = {
				ASSETCATALOG_COMPILER_APPICON_NAME = AppIcon;
				ASSETCATALOG_COMPILER_GLOBAL_ACCENT_COLOR_NAME = AccentColor;
				CODE_SIGN_STYLE = Automatic;
				CURRENT_PROJECT_VERSION = 1;
				GENERATE_INFOPLIST_FILE = YES;
				INFOPLIST_FILE = Practice2/Info.plist;
				INFOPLIST_KEY_UIApplicationSupportsIndirectInputEvents = YES;
				INFOPLIST_KEY_UILaunchStoryboardName = LaunchScreen;
				INFOPLIST_KEY_UIMainStoryboardFile = LaunchScreen;
				INFOPLIST_KEY_UISupportedInterfaceOrientations_iPad = "UIInterfaceOrientationPortrait UIInterfaceOrientationPortraitUpsideDown UIInterfaceOrientationLandscapeLeft UIInterfaceOrientationLandscapeRight";
				INFOPLIST_KEY_UISupportedInterfaceOrientations_iPhone = "UIInterfaceOrientationPortrait UIInterfaceOrientationLandscapeLeft UIInterfaceOrientationLandscapeRight";
				LD_RUNPATH_SEARCH_PATHS = (
					"$(inherited)",
					"@executable_path/Frameworks",
				);
				MARKETING_VERSION = 1.0;
				PRODUCT_BUNDLE_IDENTIFIER = com.leeesangheee.Practice2;
				PRODUCT_NAME = "$(TARGET_NAME)";
				SWIFT_EMIT_LOC_STRINGS = YES;
				SWIFT_VERSION = 5.0;
				TARGETED_DEVICE_FAMILY = "1,2";
			};
			name = Debug;
		};
		5EA55FD12705CF4C006A0622 /* Release */ = {
			isa = XCBuildConfiguration;
			buildSettings = {
				ASSETCATALOG_COMPILER_APPICON_NAME = AppIcon;
				ASSETCATALOG_COMPILER_GLOBAL_ACCENT_COLOR_NAME = AccentColor;
				CODE_SIGN_STYLE = Automatic;
				CURRENT_PROJECT_VERSION = 1;
				GENERATE_INFOPLIST_FILE = YES;
				INFOPLIST_FILE = Practice2/Info.plist;
				INFOPLIST_KEY_UIApplicationSupportsIndirectInputEvents = YES;
				INFOPLIST_KEY_UILaunchStoryboardName = LaunchScreen;
				INFOPLIST_KEY_UIMainStoryboardFile = LaunchScreen;
				INFOPLIST_KEY_UISupportedInterfaceOrientations_iPad = "UIInterfaceOrientationPortrait UIInterfaceOrientationPortraitUpsideDown UIInterfaceOrientationLandscapeLeft UIInterfaceOrientationLandscapeRight";
				INFOPLIST_KEY_UISupportedInterfaceOrientations_iPhone = "UIInterfaceOrientationPortrait UIInterfaceOrientationLandscapeLeft UIInterfaceOrientationLandscapeRight";
				LD_RUNPATH_SEARCH_PATHS = (
					"$(inherited)",
					"@executable_path/Frameworks",
				);
				MARKETING_VERSION = 1.0;
				PRODUCT_BUNDLE_IDENTIFIER = com.leeesangheee.Practice2;
				PRODUCT_NAME = "$(TARGET_NAME)";
				SWIFT_EMIT_LOC_STRINGS = YES;
				SWIFT_VERSION = 5.0;
				TARGETED_DEVICE_FAMILY = "1,2";
			};
			name = Release;
		};
/* End XCBuildConfiguration section */

/* Begin XCConfigurationList section */
		5EA55FB62705CF4A006A0622 /* Build configuration list for PBXProject "Practice2" */ = {
			isa = XCConfigurationList;
			buildConfigurations = (
				5EA55FCD2705CF4C006A0622 /* Debug */,
				5EA55FCE2705CF4C006A0622 /* Release */,
			);
			defaultConfigurationIsVisible = 0;
			defaultConfigurationName = Release;
		};
		5EA55FCF2705CF4C006A0622 /* Build configuration list for PBXNativeTarget "Practice2" */ = {
			isa = XCConfigurationList;
			buildConfigurations = (
				5EA55FD02705CF4C006A0622 /* Debug */,
				5EA55FD12705CF4C006A0622 /* Release */,
			);
			defaultConfigurationIsVisible = 0;
			defaultConfigurationName = Release;
		};
/* End XCConfigurationList section */
	};
	rootObject = 5EA55FB32705CF4A006A0622 /* Project object */;
}
