// !$*UTF8*$!
{
	archiveVersion = 1;
	classes = {
	};
	objectVersion = 51;
	objects = {

/* Begin PBXBuildFile section */
		22F70E485456822EA370A2A2 /* Pods_Project4.framework in Frameworks */ = {isa = PBXBuildFile; fileRef = 4A16F42B76D6AD0EDFB36DCD /* Pods_Project4.framework */; };
		95BEE99B2710871C002F78A2 /* AppDelegate.swift in Sources */ = {isa = PBXBuildFile; fileRef = 95BEE99A2710871C002F78A2 /* AppDelegate.swift */; };
		95BEE99F2710871C002F78A2 /* RootViewController.swift in Sources */ = {isa = PBXBuildFile; fileRef = 95BEE99E2710871C002F78A2 /* RootViewController.swift */; };
		95BEE9A52710871C002F78A2 /* Project4.xcdatamodeld in Sources */ = {isa = PBXBuildFile; fileRef = 95BEE9A32710871C002F78A2 /* Project4.xcdatamodeld */; };
		95BEE9A72710871F002F78A2 /* Assets.xcassets in Resources */ = {isa = PBXBuildFile; fileRef = 95BEE9A62710871F002F78A2 /* Assets.xcassets */; };
		95BEE9AA2710871F002F78A2 /* LaunchScreen.storyboard in Resources */ = {isa = PBXBuildFile; fileRef = 95BEE9A82710871F002F78A2 /* LaunchScreen.storyboard */; };
		95BEE9B227109ECF002F78A2 /* CollectionFolderCell.swift in Sources */ = {isa = PBXBuildFile; fileRef = 95BEE9B127109ECF002F78A2 /* CollectionFolderCell.swift */; };
		95BEE9B42710B388002F78A2 /* CoreDataManager.swift in Sources */ = {isa = PBXBuildFile; fileRef = 95BEE9B32710B388002F78A2 /* CoreDataManager.swift */; };
		95BEE9B62710B846002F78A2 /* FolderData.swift in Sources */ = {isa = PBXBuildFile; fileRef = 95BEE9B52710B846002F78A2 /* FolderData.swift */; };
		95BEE9B8271169F2002F78A2 /* FolderViewController.swift in Sources */ = {isa = PBXBuildFile; fileRef = 95BEE9B7271169F2002F78A2 /* FolderViewController.swift */; };
		95BEE9BA271192A2002F78A2 /* PhotoViewController.swift in Sources */ = {isa = PBXBuildFile; fileRef = 95BEE9B9271192A2002F78A2 /* PhotoViewController.swift */; };
		95BEE9C02711A355002F78A2 /* CollectionPhotoCell.swift in Sources */ = {isa = PBXBuildFile; fileRef = 95BEE9BF2711A355002F78A2 /* CollectionPhotoCell.swift */; };
/* End PBXBuildFile section */

/* Begin PBXFileReference section */
		4A16F42B76D6AD0EDFB36DCD /* Pods_Project4.framework */ = {isa = PBXFileReference; explicitFileType = wrapper.framework; includeInIndex = 0; path = Pods_Project4.framework; sourceTree = BUILT_PRODUCTS_DIR; };
		7E5BBC44860C881179F7E258 /* Pods-Project4.release.xcconfig */ = {isa = PBXFileReference; includeInIndex = 1; lastKnownFileType = text.xcconfig; name = "Pods-Project4.release.xcconfig"; path = "Target Support Files/Pods-Project4/Pods-Project4.release.xcconfig"; sourceTree = "<group>"; };
		95BEE9972710871C002F78A2 /* Project4.app */ = {isa = PBXFileReference; explicitFileType = wrapper.application; includeInIndex = 0; path = Project4.app; sourceTree = BUILT_PRODUCTS_DIR; };
		95BEE99A2710871C002F78A2 /* AppDelegate.swift */ = {isa = PBXFileReference; lastKnownFileType = sourcecode.swift; path = AppDelegate.swift; sourceTree = "<group>"; };
		95BEE99E2710871C002F78A2 /* RootViewController.swift */ = {isa = PBXFileReference; lastKnownFileType = sourcecode.swift; path = RootViewController.swift; sourceTree = "<group>"; };
		95BEE9A42710871C002F78A2 /* Project4.xcdatamodel */ = {isa = PBXFileReference; lastKnownFileType = wrapper.xcdatamodel; path = Project4.xcdatamodel; sourceTree = "<group>"; };
		95BEE9A62710871F002F78A2 /* Assets.xcassets */ = {isa = PBXFileReference; lastKnownFileType = folder.assetcatalog; path = Assets.xcassets; sourceTree = "<group>"; };
		95BEE9A92710871F002F78A2 /* Base */ = {isa = PBXFileReference; lastKnownFileType = file.storyboard; name = Base; path = Base.lproj/LaunchScreen.storyboard; sourceTree = "<group>"; };
		95BEE9AB2710871F002F78A2 /* Info.plist */ = {isa = PBXFileReference; lastKnownFileType = text.plist.xml; path = Info.plist; sourceTree = "<group>"; };
		95BEE9B127109ECF002F78A2 /* CollectionFolderCell.swift */ = {isa = PBXFileReference; lastKnownFileType = sourcecode.swift; path = CollectionFolderCell.swift; sourceTree = "<group>"; };
		95BEE9B32710B388002F78A2 /* CoreDataManager.swift */ = {isa = PBXFileReference; lastKnownFileType = sourcecode.swift; path = CoreDataManager.swift; sourceTree = "<group>"; };
		95BEE9B52710B846002F78A2 /* FolderData.swift */ = {isa = PBXFileReference; lastKnownFileType = sourcecode.swift; path = FolderData.swift; sourceTree = "<group>"; };
		95BEE9B7271169F2002F78A2 /* FolderViewController.swift */ = {isa = PBXFileReference; lastKnownFileType = sourcecode.swift; path = FolderViewController.swift; sourceTree = "<group>"; };
		95BEE9B9271192A2002F78A2 /* PhotoViewController.swift */ = {isa = PBXFileReference; lastKnownFileType = sourcecode.swift; path = PhotoViewController.swift; sourceTree = "<group>"; };
		95BEE9BF2711A355002F78A2 /* CollectionPhotoCell.swift */ = {isa = PBXFileReference; lastKnownFileType = sourcecode.swift; path = CollectionPhotoCell.swift; sourceTree = "<group>"; };
		DAEDF0D807D4BD0DFD90DB48 /* Pods-Project4.debug.xcconfig */ = {isa = PBXFileReference; includeInIndex = 1; lastKnownFileType = text.xcconfig; name = "Pods-Project4.debug.xcconfig"; path = "Target Support Files/Pods-Project4/Pods-Project4.debug.xcconfig"; sourceTree = "<group>"; };
/* End PBXFileReference section */

/* Begin PBXFrameworksBuildPhase section */
		95BEE9942710871C002F78A2 /* Frameworks */ = {
			isa = PBXFrameworksBuildPhase;
			buildActionMask = 2147483647;
			files = (
				22F70E485456822EA370A2A2 /* Pods_Project4.framework in Frameworks */,
			);
			runOnlyForDeploymentPostprocessing = 0;
		};
/* End PBXFrameworksBuildPhase section */

/* Begin PBXGroup section */
		0E635B75C9D6A009AB5047EB /* Pods */ = {
			isa = PBXGroup;
			children = (
				DAEDF0D807D4BD0DFD90DB48 /* Pods-Project4.debug.xcconfig */,
				7E5BBC44860C881179F7E258 /* Pods-Project4.release.xcconfig */,
			);
			path = Pods;
			sourceTree = "<group>";
		};
		4A3D83303A2EFF1E9F2540FF /* Frameworks */ = {
			isa = PBXGroup;
			children = (
				4A16F42B76D6AD0EDFB36DCD /* Pods_Project4.framework */,
			);
			name = Frameworks;
			sourceTree = "<group>";
		};
		95BEE98E2710871C002F78A2 = {
			isa = PBXGroup;
			children = (
				95BEE9992710871C002F78A2 /* Project4 */,
				95BEE9982710871C002F78A2 /* Products */,
				0E635B75C9D6A009AB5047EB /* Pods */,
				4A3D83303A2EFF1E9F2540FF /* Frameworks */,
			);
			sourceTree = "<group>";
		};
		95BEE9982710871C002F78A2 /* Products */ = {
			isa = PBXGroup;
			children = (
				95BEE9972710871C002F78A2 /* Project4.app */,
			);
			name = Products;
			sourceTree = "<group>";
		};
		95BEE9992710871C002F78A2 /* Project4 */ = {
			isa = PBXGroup;
			children = (
				95BEE9BE271198AD002F78A2 /* Views */,
				95BEE9BD2711988C002F78A2 /* ViewControllers */,
				95BEE9BC27119884002F78A2 /* Models */,
				95BEE9BB2711987A002F78A2 /* Managers */,
				95BEE99A2710871C002F78A2 /* AppDelegate.swift */,
				95BEE9A62710871F002F78A2 /* Assets.xcassets */,
				95BEE9A82710871F002F78A2 /* LaunchScreen.storyboard */,
				95BEE9AB2710871F002F78A2 /* Info.plist */,
			);
			path = Project4;
			sourceTree = "<group>";
		};
		95BEE9BB2711987A002F78A2 /* Managers */ = {
			isa = PBXGroup;
			children = (
				95BEE9B32710B388002F78A2 /* CoreDataManager.swift */,
			);
			path = Managers;
			sourceTree = "<group>";
		};
		95BEE9BC27119884002F78A2 /* Models */ = {
			isa = PBXGroup;
			children = (
				95BEE9B52710B846002F78A2 /* FolderData.swift */,
				95BEE9A32710871C002F78A2 /* Project4.xcdatamodeld */,
			);
			path = Models;
			sourceTree = "<group>";
		};
		95BEE9BD2711988C002F78A2 /* ViewControllers */ = {
			isa = PBXGroup;
			children = (
				95BEE99E2710871C002F78A2 /* RootViewController.swift */,
				95BEE9B7271169F2002F78A2 /* FolderViewController.swift */,
				95BEE9B9271192A2002F78A2 /* PhotoViewController.swift */,
			);
			path = ViewControllers;
			sourceTree = "<group>";
		};
		95BEE9BE271198AD002F78A2 /* Views */ = {
			isa = PBXGroup;
			children = (
				95BEE9B127109ECF002F78A2 /* CollectionFolderCell.swift */,
				95BEE9BF2711A355002F78A2 /* CollectionPhotoCell.swift */,
			);
			path = Views;
			sourceTree = "<group>";
		};
/* End PBXGroup section */

/* Begin PBXNativeTarget section */
		95BEE9962710871C002F78A2 /* Project4 */ = {
			isa = PBXNativeTarget;
			buildConfigurationList = 95BEE9AE2710871F002F78A2 /* Build configuration list for PBXNativeTarget "Project4" */;
			buildPhases = (
				2FAB4B01CED1B63F715D0284 /* [CP] Check Pods Manifest.lock */,
				95BEE9932710871C002F78A2 /* Sources */,
				95BEE9942710871C002F78A2 /* Frameworks */,
				95BEE9952710871C002F78A2 /* Resources */,
				5A5388EA0A9E808DBF40067C /* [CP] Embed Pods Frameworks */,
			);
			buildRules = (
			);
			dependencies = (
			);
			name = Project4;
			productName = Project4;
			productReference = 95BEE9972710871C002F78A2 /* Project4.app */;
			productType = "com.apple.product-type.application";
		};
/* End PBXNativeTarget section */

/* Begin PBXProject section */
		95BEE98F2710871C002F78A2 /* Project object */ = {
			isa = PBXProject;
			attributes = {
				LastSwiftUpdateCheck = 1250;
				LastUpgradeCheck = 1250;
				TargetAttributes = {
					95BEE9962710871C002F78A2 = {
						CreatedOnToolsVersion = 12.5;
					};
				};
			};
			buildConfigurationList = 95BEE9922710871C002F78A2 /* Build configuration list for PBXProject "Project4" */;
			compatibilityVersion = "Xcode 9.3";
			developmentRegion = en;
			hasScannedForEncodings = 0;
			knownRegions = (
				en,
				Base,
			);
			mainGroup = 95BEE98E2710871C002F78A2;
			productRefGroup = 95BEE9982710871C002F78A2 /* Products */;
			projectDirPath = "";
			projectRoot = "";
			targets = (
				95BEE9962710871C002F78A2 /* Project4 */,
			);
		};
/* End PBXProject section */

/* Begin PBXResourcesBuildPhase section */
		95BEE9952710871C002F78A2 /* Resources */ = {
			isa = PBXResourcesBuildPhase;
			buildActionMask = 2147483647;
			files = (
				95BEE9AA2710871F002F78A2 /* LaunchScreen.storyboard in Resources */,
				95BEE9A72710871F002F78A2 /* Assets.xcassets in Resources */,
			);
			runOnlyForDeploymentPostprocessing = 0;
		};
/* End PBXResourcesBuildPhase section */

/* Begin PBXShellScriptBuildPhase section */
		2FAB4B01CED1B63F715D0284 /* [CP] Check Pods Manifest.lock */ = {
			isa = PBXShellScriptBuildPhase;
			buildActionMask = 2147483647;
			files = (
			);
			inputFileListPaths = (
			);
			inputPaths = (
				"${PODS_PODFILE_DIR_PATH}/Podfile.lock",
				"${PODS_ROOT}/Manifest.lock",
			);
			name = "[CP] Check Pods Manifest.lock";
			outputFileListPaths = (
			);
			outputPaths = (
				"$(DERIVED_FILE_DIR)/Pods-Project4-checkManifestLockResult.txt",
			);
			runOnlyForDeploymentPostprocessing = 0;
			shellPath = /bin/sh;
			shellScript = "diff \"${PODS_PODFILE_DIR_PATH}/Podfile.lock\" \"${PODS_ROOT}/Manifest.lock\" > /dev/null\nif [ $? != 0 ] ; then\n    # print error to STDERR\n    echo \"error: The sandbox is not in sync with the Podfile.lock. Run 'pod install' or update your CocoaPods installation.\" >&2\n    exit 1\nfi\n# This output is used by Xcode 'outputs' to avoid re-running this script phase.\necho \"SUCCESS\" > \"${SCRIPT_OUTPUT_FILE_0}\"\n";
			showEnvVarsInLog = 0;
		};
		5A5388EA0A9E808DBF40067C /* [CP] Embed Pods Frameworks */ = {
			isa = PBXShellScriptBuildPhase;
			buildActionMask = 2147483647;
			files = (
			);
			inputFileListPaths = (
				"${PODS_ROOT}/Target Support Files/Pods-Project4/Pods-Project4-frameworks-${CONFIGURATION}-input-files.xcfilelist",
			);
			name = "[CP] Embed Pods Frameworks";
			outputFileListPaths = (
				"${PODS_ROOT}/Target Support Files/Pods-Project4/Pods-Project4-frameworks-${CONFIGURATION}-output-files.xcfilelist",
			);
			runOnlyForDeploymentPostprocessing = 0;
			shellPath = /bin/sh;
			shellScript = "\"${PODS_ROOT}/Target Support Files/Pods-Project4/Pods-Project4-frameworks.sh\"\n";
			showEnvVarsInLog = 0;
		};
/* End PBXShellScriptBuildPhase section */

/* Begin PBXSourcesBuildPhase section */
		95BEE9932710871C002F78A2 /* Sources */ = {
			isa = PBXSourcesBuildPhase;
			buildActionMask = 2147483647;
			files = (
				95BEE9B8271169F2002F78A2 /* FolderViewController.swift in Sources */,
				95BEE9A52710871C002F78A2 /* Project4.xcdatamodeld in Sources */,
				95BEE9B42710B388002F78A2 /* CoreDataManager.swift in Sources */,
				95BEE9B227109ECF002F78A2 /* CollectionFolderCell.swift in Sources */,
				95BEE99F2710871C002F78A2 /* RootViewController.swift in Sources */,
				95BEE9BA271192A2002F78A2 /* PhotoViewController.swift in Sources */,
				95BEE99B2710871C002F78A2 /* AppDelegate.swift in Sources */,
				95BEE9B62710B846002F78A2 /* FolderData.swift in Sources */,
				95BEE9C02711A355002F78A2 /* CollectionPhotoCell.swift in Sources */,
			);
			runOnlyForDeploymentPostprocessing = 0;
		};
/* End PBXSourcesBuildPhase section */

/* Begin PBXVariantGroup section */
		95BEE9A82710871F002F78A2 /* LaunchScreen.storyboard */ = {
			isa = PBXVariantGroup;
			children = (
				95BEE9A92710871F002F78A2 /* Base */,
			);
			name = LaunchScreen.storyboard;
			sourceTree = "<group>";
		};
/* End PBXVariantGroup section */

/* Begin XCBuildConfiguration section */
		95BEE9AC2710871F002F78A2 /* Debug */ = {
			isa = XCBuildConfiguration;
			buildSettings = {
				ALWAYS_SEARCH_USER_PATHS = NO;
				CLANG_ANALYZER_NONNULL = YES;
				CLANG_ANALYZER_NUMBER_OBJECT_CONVERSION = YES_AGGRESSIVE;
				CLANG_CXX_LANGUAGE_STANDARD = "gnu++14";
				CLANG_CXX_LIBRARY = "libc++";
				CLANG_ENABLE_MODULES = YES;
				CLANG_ENABLE_OBJC_ARC = YES;
				CLANG_ENABLE_OBJC_WEAK = YES;
				CLANG_WARN_BLOCK_CAPTURE_AUTORELEASING = YES;
				CLANG_WARN_BOOL_CONVERSION = YES;
				CLANG_WARN_COMMA = YES;
				CLANG_WARN_CONSTANT_CONVERSION = YES;
				CLANG_WARN_DEPRECATED_OBJC_IMPLEMENTATIONS = YES;
				CLANG_WARN_DIRECT_OBJC_ISA_USAGE = YES_ERROR;
				CLANG_WARN_DOCUMENTATION_COMMENTS = YES;
				CLANG_WARN_EMPTY_BODY = YES;
				CLANG_WARN_ENUM_CONVERSION = YES;
				CLANG_WARN_INFINITE_RECURSION = YES;
				CLANG_WARN_INT_CONVERSION = YES;
				CLANG_WARN_NON_LITERAL_NULL_CONVERSION = YES;
				CLANG_WARN_OBJC_IMPLICIT_RETAIN_SELF = YES;
				CLANG_WARN_OBJC_LITERAL_CONVERSION = YES;
				CLANG_WARN_OBJC_ROOT_CLASS = YES_ERROR;
				CLANG_WARN_QUOTED_INCLUDE_IN_FRAMEWORK_HEADER = YES;
				CLANG_WARN_RANGE_LOOP_ANALYSIS = YES;
				CLANG_WARN_STRICT_PROTOTYPES = YES;
				CLANG_WARN_SUSPICIOUS_MOVE = YES;
				CLANG_WARN_UNGUARDED_AVAILABILITY = YES_AGGRESSIVE;
				CLANG_WARN_UNREACHABLE_CODE = YES;
				CLANG_WARN__DUPLICATE_METHOD_MATCH = YES;
				COPY_PHASE_STRIP = NO;
				DEBUG_INFORMATION_FORMAT = dwarf;
				ENABLE_STRICT_OBJC_MSGSEND = YES;
				ENABLE_TESTABILITY = YES;
				GCC_C_LANGUAGE_STANDARD = gnu11;
				GCC_DYNAMIC_NO_PIC = NO;
				GCC_NO_COMMON_BLOCKS = YES;
				GCC_OPTIMIZATION_LEVEL = 0;
				GCC_PREPROCESSOR_DEFINITIONS = (
					"DEBUG=1",
					"$(inherited)",
				);
				GCC_WARN_64_TO_32_BIT_CONVERSION = YES;
				GCC_WARN_ABOUT_RETURN_TYPE = YES_ERROR;
				GCC_WARN_UNDECLARED_SELECTOR = YES;
				GCC_WARN_UNINITIALIZED_AUTOS = YES_AGGRESSIVE;
				GCC_WARN_UNUSED_FUNCTION = YES;
				GCC_WARN_UNUSED_VARIABLE = YES;
				IPHONEOS_DEPLOYMENT_TARGET = 14.5;
				MTL_ENABLE_DEBUG_INFO = INCLUDE_SOURCE;
				MTL_FAST_MATH = YES;
				ONLY_ACTIVE_ARCH = YES;
				SDKROOT = iphoneos;
				SWIFT_ACTIVE_COMPILATION_CONDITIONS = DEBUG;
				SWIFT_OPTIMIZATION_LEVEL = "-Onone";
			};
			name = Debug;
		};
		95BEE9AD2710871F002F78A2 /* Release */ = {
			isa = XCBuildConfiguration;
			buildSettings = {
				ALWAYS_SEARCH_USER_PATHS = NO;
				CLANG_ANALYZER_NONNULL = YES;
				CLANG_ANALYZER_NUMBER_OBJECT_CONVERSION = YES_AGGRESSIVE;
				CLANG_CXX_LANGUAGE_STANDARD = "gnu++14";
				CLANG_CXX_LIBRARY = "libc++";
				CLANG_ENABLE_MODULES = YES;
				CLANG_ENABLE_OBJC_ARC = YES;
				CLANG_ENABLE_OBJC_WEAK = YES;
				CLANG_WARN_BLOCK_CAPTURE_AUTORELEASING = YES;
				CLANG_WARN_BOOL_CONVERSION = YES;
				CLANG_WARN_COMMA = YES;
				CLANG_WARN_CONSTANT_CONVERSION = YES;
				CLANG_WARN_DEPRECATED_OBJC_IMPLEMENTATIONS = YES;
				CLANG_WARN_DIRECT_OBJC_ISA_USAGE = YES_ERROR;
				CLANG_WARN_DOCUMENTATION_COMMENTS = YES;
				CLANG_WARN_EMPTY_BODY = YES;
				CLANG_WARN_ENUM_CONVERSION = YES;
				CLANG_WARN_INFINITE_RECURSION = YES;
				CLANG_WARN_INT_CONVERSION = YES;
				CLANG_WARN_NON_LITERAL_NULL_CONVERSION = YES;
				CLANG_WARN_OBJC_IMPLICIT_RETAIN_SELF = YES;
				CLANG_WARN_OBJC_LITERAL_CONVERSION = YES;
				CLANG_WARN_OBJC_ROOT_CLASS = YES_ERROR;
				CLANG_WARN_QUOTED_INCLUDE_IN_FRAMEWORK_HEADER = YES;
				CLANG_WARN_RANGE_LOOP_ANALYSIS = YES;
				CLANG_WARN_STRICT_PROTOTYPES = YES;
				CLANG_WARN_SUSPICIOUS_MOVE = YES;
				CLANG_WARN_UNGUARDED_AVAILABILITY = YES_AGGRESSIVE;
				CLANG_WARN_UNREACHABLE_CODE = YES;
				CLANG_WARN__DUPLICATE_METHOD_MATCH = YES;
				COPY_PHASE_STRIP = NO;
				DEBUG_INFORMATION_FORMAT = "dwarf-with-dsym";
				ENABLE_NS_ASSERTIONS = NO;
				ENABLE_STRICT_OBJC_MSGSEND = YES;
				GCC_C_LANGUAGE_STANDARD = gnu11;
				GCC_NO_COMMON_BLOCKS = YES;
				GCC_WARN_64_TO_32_BIT_CONVERSION = YES;
				GCC_WARN_ABOUT_RETURN_TYPE = YES_ERROR;
				GCC_WARN_UNDECLARED_SELECTOR = YES;
				GCC_WARN_UNINITIALIZED_AUTOS = YES_AGGRESSIVE;
				GCC_WARN_UNUSED_FUNCTION = YES;
				GCC_WARN_UNUSED_VARIABLE = YES;
				IPHONEOS_DEPLOYMENT_TARGET = 14.5;
				MTL_ENABLE_DEBUG_INFO = NO;
				MTL_FAST_MATH = YES;
				SDKROOT = iphoneos;
				SWIFT_COMPILATION_MODE = wholemodule;
				SWIFT_OPTIMIZATION_LEVEL = "-O";
				VALIDATE_PRODUCT = YES;
			};
			name = Release;
		};
		95BEE9AF2710871F002F78A2 /* Debug */ = {
			isa = XCBuildConfiguration;
			baseConfigurationReference = DAEDF0D807D4BD0DFD90DB48 /* Pods-Project4.debug.xcconfig */;
			buildSettings = {
				ASSETCATALOG_COMPILER_APPICON_NAME = AppIcon;
				ASSETCATALOG_COMPILER_GLOBAL_ACCENT_COLOR_NAME = AccentColor;
				CODE_SIGN_STYLE = Automatic;
				DEVELOPMENT_TEAM = 6683XA59A4;
				INFOPLIST_FILE = Project4/Info.plist;
				LD_RUNPATH_SEARCH_PATHS = (
					"$(inherited)",
					"@executable_path/Frameworks",
				);
				PRODUCT_BUNDLE_IDENTIFIER = com.yoonique.Project4;
				PRODUCT_NAME = "$(TARGET_NAME)";
				SWIFT_VERSION = 5.0;
				TARGETED_DEVICE_FAMILY = "1,2";
			};
			name = Debug;
		};
		95BEE9B02710871F002F78A2 /* Release */ = {
			isa = XCBuildConfiguration;
			baseConfigurationReference = 7E5BBC44860C881179F7E258 /* Pods-Project4.release.xcconfig */;
			buildSettings = {
				ASSETCATALOG_COMPILER_APPICON_NAME = AppIcon;
				ASSETCATALOG_COMPILER_GLOBAL_ACCENT_COLOR_NAME = AccentColor;
				CODE_SIGN_STYLE = Automatic;
				DEVELOPMENT_TEAM = 6683XA59A4;
				INFOPLIST_FILE = Project4/Info.plist;
				LD_RUNPATH_SEARCH_PATHS = (
					"$(inherited)",
					"@executable_path/Frameworks",
				);
				PRODUCT_BUNDLE_IDENTIFIER = com.yoonique.Project4;
				PRODUCT_NAME = "$(TARGET_NAME)";
				SWIFT_VERSION = 5.0;
				TARGETED_DEVICE_FAMILY = "1,2";
			};
			name = Release;
		};
/* End XCBuildConfiguration section */

/* Begin XCConfigurationList section */
		95BEE9922710871C002F78A2 /* Build configuration list for PBXProject "Project4" */ = {
			isa = XCConfigurationList;
			buildConfigurations = (
				95BEE9AC2710871F002F78A2 /* Debug */,
				95BEE9AD2710871F002F78A2 /* Release */,
			);
			defaultConfigurationIsVisible = 0;
			defaultConfigurationName = Release;
		};
		95BEE9AE2710871F002F78A2 /* Build configuration list for PBXNativeTarget "Project4" */ = {
			isa = XCConfigurationList;
			buildConfigurations = (
				95BEE9AF2710871F002F78A2 /* Debug */,
				95BEE9B02710871F002F78A2 /* Release */,
			);
			defaultConfigurationIsVisible = 0;
			defaultConfigurationName = Release;
		};
/* End XCConfigurationList section */

/* Begin XCVersionGroup section */
		95BEE9A32710871C002F78A2 /* Project4.xcdatamodeld */ = {
			isa = XCVersionGroup;
			children = (
				95BEE9A42710871C002F78A2 /* Project4.xcdatamodel */,
			);
			currentVersion = 95BEE9A42710871C002F78A2 /* Project4.xcdatamodel */;
			path = Project4.xcdatamodeld;
			sourceTree = "<group>";
			versionGroupType = wrapper.xcdatamodel;
		};
/* End XCVersionGroup section */
	};
	rootObject = 95BEE98F2710871C002F78A2 /* Project object */;
}
