// !$*UTF8*$!
{
	archiveVersion = 1;
	classes = {
	};
	objectVersion = 51;
	objects = {

/* Begin PBXBuildFile section */
		066C0F50DE35C04AC0528823 /* Pods_Practice3.framework in Frameworks */ = {isa = PBXBuildFile; fileRef = 2A02A2294DA4401C81B1D848 /* Pods_Practice3.framework */; };
		A827BF062708AB0700F8B879 /* AppDelegate.swift in Sources */ = {isa = PBXBuildFile; fileRef = A827BF052708AB0700F8B879 /* AppDelegate.swift */; };
		A827BF0A2708AB0700F8B879 /* MainViewController.swift in Sources */ = {isa = PBXBuildFile; fileRef = A827BF092708AB0700F8B879 /* MainViewController.swift */; };
		A827BF0F2708AB0800F8B879 /* Assets.xcassets in Resources */ = {isa = PBXBuildFile; fileRef = A827BF0E2708AB0800F8B879 /* Assets.xcassets */; };
		A827BF122708AB0800F8B879 /* LaunchScreen.storyboard in Resources */ = {isa = PBXBuildFile; fileRef = A827BF102708AB0800F8B879 /* LaunchScreen.storyboard */; };
		A827BF1D2709805E00F8B879 /* Presenter.swift in Sources */ = {isa = PBXBuildFile; fileRef = A827BF1C2709805E00F8B879 /* Presenter.swift */; };
		A827BF202709829300F8B879 /* MainCollectionViewCell.swift in Sources */ = {isa = PBXBuildFile; fileRef = A827BF1F2709829300F8B879 /* MainCollectionViewCell.swift */; };
		A827BF22270985E200F8B879 /* Model.swift in Sources */ = {isa = PBXBuildFile; fileRef = A827BF21270985E200F8B879 /* Model.swift */; };
/* End PBXBuildFile section */

/* Begin PBXFileReference section */
		06CD9A7B165C3A9745DDB0E9 /* Pods-Practice3.release.xcconfig */ = {isa = PBXFileReference; includeInIndex = 1; lastKnownFileType = text.xcconfig; name = "Pods-Practice3.release.xcconfig"; path = "Target Support Files/Pods-Practice3/Pods-Practice3.release.xcconfig"; sourceTree = "<group>"; };
		2A02A2294DA4401C81B1D848 /* Pods_Practice3.framework */ = {isa = PBXFileReference; explicitFileType = wrapper.framework; includeInIndex = 0; path = Pods_Practice3.framework; sourceTree = BUILT_PRODUCTS_DIR; };
		A827BF022708AB0700F8B879 /* Practice3.app */ = {isa = PBXFileReference; explicitFileType = wrapper.application; includeInIndex = 0; path = Practice3.app; sourceTree = BUILT_PRODUCTS_DIR; };
		A827BF052708AB0700F8B879 /* AppDelegate.swift */ = {isa = PBXFileReference; lastKnownFileType = sourcecode.swift; path = AppDelegate.swift; sourceTree = "<group>"; };
		A827BF092708AB0700F8B879 /* MainViewController.swift */ = {isa = PBXFileReference; lastKnownFileType = sourcecode.swift; path = MainViewController.swift; sourceTree = "<group>"; };
		A827BF0E2708AB0800F8B879 /* Assets.xcassets */ = {isa = PBXFileReference; lastKnownFileType = folder.assetcatalog; path = Assets.xcassets; sourceTree = "<group>"; };
		A827BF112708AB0800F8B879 /* Base */ = {isa = PBXFileReference; lastKnownFileType = file.storyboard; name = Base; path = Base.lproj/LaunchScreen.storyboard; sourceTree = "<group>"; };
		A827BF132708AB0800F8B879 /* Info.plist */ = {isa = PBXFileReference; lastKnownFileType = text.plist.xml; path = Info.plist; sourceTree = "<group>"; };
		A827BF1C2709805E00F8B879 /* Presenter.swift */ = {isa = PBXFileReference; lastKnownFileType = sourcecode.swift; path = Presenter.swift; sourceTree = "<group>"; };
		A827BF1F2709829300F8B879 /* MainCollectionViewCell.swift */ = {isa = PBXFileReference; lastKnownFileType = sourcecode.swift; path = MainCollectionViewCell.swift; sourceTree = "<group>"; };
		A827BF21270985E200F8B879 /* Model.swift */ = {isa = PBXFileReference; lastKnownFileType = sourcecode.swift; path = Model.swift; sourceTree = "<group>"; };
		F8D71F515EDB95BFF0EB1BB9 /* Pods-Practice3.debug.xcconfig */ = {isa = PBXFileReference; includeInIndex = 1; lastKnownFileType = text.xcconfig; name = "Pods-Practice3.debug.xcconfig"; path = "Target Support Files/Pods-Practice3/Pods-Practice3.debug.xcconfig"; sourceTree = "<group>"; };
/* End PBXFileReference section */

/* Begin PBXFrameworksBuildPhase section */
		A827BEFF2708AB0700F8B879 /* Frameworks */ = {
			isa = PBXFrameworksBuildPhase;
			buildActionMask = 2147483647;
			files = (
				066C0F50DE35C04AC0528823 /* Pods_Practice3.framework in Frameworks */,
			);
			runOnlyForDeploymentPostprocessing = 0;
		};
/* End PBXFrameworksBuildPhase section */

/* Begin PBXGroup section */
		A827BEF92708AB0700F8B879 = {
			isa = PBXGroup;
			children = (
				A827BF042708AB0700F8B879 /* Practice3 */,
				A827BF032708AB0700F8B879 /* Products */,
				B305EFCC153BC4C5BBF6FDE6 /* Pods */,
				BA0D68CE316D5145B0B40D59 /* Frameworks */,
			);
			sourceTree = "<group>";
		};
		A827BF032708AB0700F8B879 /* Products */ = {
			isa = PBXGroup;
			children = (
				A827BF022708AB0700F8B879 /* Practice3.app */,
			);
			name = Products;
			sourceTree = "<group>";
		};
		A827BF042708AB0700F8B879 /* Practice3 */ = {
			isa = PBXGroup;
			children = (
				A827BF1E2709828300F8B879 /* Cell */,
				A827BF1B2708AFED00F8B879 /* Presenter */,
				A827BF1A2708AFE700F8B879 /* View */,
				A827BF192708AFDF00F8B879 /* Model */,
				A827BF052708AB0700F8B879 /* AppDelegate.swift */,
				A827BF0E2708AB0800F8B879 /* Assets.xcassets */,
				A827BF102708AB0800F8B879 /* LaunchScreen.storyboard */,
				A827BF132708AB0800F8B879 /* Info.plist */,
			);
			path = Practice3;
			sourceTree = "<group>";
		};
		A827BF192708AFDF00F8B879 /* Model */ = {
			isa = PBXGroup;
			children = (
				A827BF21270985E200F8B879 /* Model.swift */,
			);
			path = Model;
			sourceTree = "<group>";
		};
		A827BF1A2708AFE700F8B879 /* View */ = {
			isa = PBXGroup;
			children = (
				A827BF092708AB0700F8B879 /* MainViewController.swift */,
			);
			path = View;
			sourceTree = "<group>";
		};
		A827BF1B2708AFED00F8B879 /* Presenter */ = {
			isa = PBXGroup;
			children = (
				A827BF1C2709805E00F8B879 /* Presenter.swift */,
			);
			path = Presenter;
			sourceTree = "<group>";
		};
		A827BF1E2709828300F8B879 /* Cell */ = {
			isa = PBXGroup;
			children = (
				A827BF1F2709829300F8B879 /* MainCollectionViewCell.swift */,
			);
			path = Cell;
			sourceTree = "<group>";
		};
		B305EFCC153BC4C5BBF6FDE6 /* Pods */ = {
			isa = PBXGroup;
			children = (
				F8D71F515EDB95BFF0EB1BB9 /* Pods-Practice3.debug.xcconfig */,
				06CD9A7B165C3A9745DDB0E9 /* Pods-Practice3.release.xcconfig */,
			);
			path = Pods;
			sourceTree = "<group>";
		};
		BA0D68CE316D5145B0B40D59 /* Frameworks */ = {
			isa = PBXGroup;
			children = (
				2A02A2294DA4401C81B1D848 /* Pods_Practice3.framework */,
			);
			name = Frameworks;
			sourceTree = "<group>";
		};
/* End PBXGroup section */

/* Begin PBXNativeTarget section */
		A827BF012708AB0700F8B879 /* Practice3 */ = {
			isa = PBXNativeTarget;
			buildConfigurationList = A827BF162708AB0800F8B879 /* Build configuration list for PBXNativeTarget "Practice3" */;
			buildPhases = (
				3F7626B82C9177FEDAAAFDA5 /* [CP] Check Pods Manifest.lock */,
				A827BEFE2708AB0700F8B879 /* Sources */,
				A827BEFF2708AB0700F8B879 /* Frameworks */,
				A827BF002708AB0700F8B879 /* Resources */,
				6522F74E32A3010A0A00F20E /* [CP] Embed Pods Frameworks */,
			);
			buildRules = (
			);
			dependencies = (
			);
			name = Practice3;
			productName = Practice3;
			productReference = A827BF022708AB0700F8B879 /* Practice3.app */;
			productType = "com.apple.product-type.application";
		};
/* End PBXNativeTarget section */

/* Begin PBXProject section */
		A827BEFA2708AB0700F8B879 /* Project object */ = {
			isa = PBXProject;
			attributes = {
				LastSwiftUpdateCheck = 1250;
				LastUpgradeCheck = 1250;
				TargetAttributes = {
					A827BF012708AB0700F8B879 = {
						CreatedOnToolsVersion = 12.5.1;
					};
				};
			};
			buildConfigurationList = A827BEFD2708AB0700F8B879 /* Build configuration list for PBXProject "Practice3" */;
			compatibilityVersion = "Xcode 9.3";
			developmentRegion = en;
			hasScannedForEncodings = 0;
			knownRegions = (
				en,
				Base,
			);
			mainGroup = A827BEF92708AB0700F8B879;
			productRefGroup = A827BF032708AB0700F8B879 /* Products */;
			projectDirPath = "";
			projectRoot = "";
			targets = (
				A827BF012708AB0700F8B879 /* Practice3 */,
			);
		};
/* End PBXProject section */

/* Begin PBXResourcesBuildPhase section */
		A827BF002708AB0700F8B879 /* Resources */ = {
			isa = PBXResourcesBuildPhase;
			buildActionMask = 2147483647;
			files = (
				A827BF122708AB0800F8B879 /* LaunchScreen.storyboard in Resources */,
				A827BF0F2708AB0800F8B879 /* Assets.xcassets in Resources */,
			);
			runOnlyForDeploymentPostprocessing = 0;
		};
/* End PBXResourcesBuildPhase section */

/* Begin PBXShellScriptBuildPhase section */
		3F7626B82C9177FEDAAAFDA5 /* [CP] Check Pods Manifest.lock */ = {
			isa = PBXShellScriptBuildPhase;
			buildActionMask = 2147483647;
			files = (
			);
			inputFileListPaths = (
			);
			inputPaths = (
				"${PODS_PODFILE_DIR_PATH}/Podfile.lock",
				"${PODS_ROOT}/Manifest.lock",
			);
			name = "[CP] Check Pods Manifest.lock";
			outputFileListPaths = (
			);
			outputPaths = (
				"$(DERIVED_FILE_DIR)/Pods-Practice3-checkManifestLockResult.txt",
			);
			runOnlyForDeploymentPostprocessing = 0;
			shellPath = /bin/sh;
			shellScript = "diff \"${PODS_PODFILE_DIR_PATH}/Podfile.lock\" \"${PODS_ROOT}/Manifest.lock\" > /dev/null\nif [ $? != 0 ] ; then\n    # print error to STDERR\n    echo \"error: The sandbox is not in sync with the Podfile.lock. Run 'pod install' or update your CocoaPods installation.\" >&2\n    exit 1\nfi\n# This output is used by Xcode 'outputs' to avoid re-running this script phase.\necho \"SUCCESS\" > \"${SCRIPT_OUTPUT_FILE_0}\"\n";
			showEnvVarsInLog = 0;
		};
		6522F74E32A3010A0A00F20E /* [CP] Embed Pods Frameworks */ = {
			isa = PBXShellScriptBuildPhase;
			buildActionMask = 2147483647;
			files = (
			);
			inputFileListPaths = (
				"${PODS_ROOT}/Target Support Files/Pods-Practice3/Pods-Practice3-frameworks-${CONFIGURATION}-input-files.xcfilelist",
			);
			name = "[CP] Embed Pods Frameworks";
			outputFileListPaths = (
				"${PODS_ROOT}/Target Support Files/Pods-Practice3/Pods-Practice3-frameworks-${CONFIGURATION}-output-files.xcfilelist",
			);
			runOnlyForDeploymentPostprocessing = 0;
			shellPath = /bin/sh;
			shellScript = "\"${PODS_ROOT}/Target Support Files/Pods-Practice3/Pods-Practice3-frameworks.sh\"\n";
			showEnvVarsInLog = 0;
		};
/* End PBXShellScriptBuildPhase section */

/* Begin PBXSourcesBuildPhase section */
		A827BEFE2708AB0700F8B879 /* Sources */ = {
			isa = PBXSourcesBuildPhase;
			buildActionMask = 2147483647;
			files = (
				A827BF22270985E200F8B879 /* Model.swift in Sources */,
				A827BF1D2709805E00F8B879 /* Presenter.swift in Sources */,
				A827BF0A2708AB0700F8B879 /* MainViewController.swift in Sources */,
				A827BF062708AB0700F8B879 /* AppDelegate.swift in Sources */,
				A827BF202709829300F8B879 /* MainCollectionViewCell.swift in Sources */,
			);
			runOnlyForDeploymentPostprocessing = 0;
		};
/* End PBXSourcesBuildPhase section */

/* Begin PBXVariantGroup section */
		A827BF102708AB0800F8B879 /* LaunchScreen.storyboard */ = {
			isa = PBXVariantGroup;
			children = (
				A827BF112708AB0800F8B879 /* Base */,
			);
			name = LaunchScreen.storyboard;
			sourceTree = "<group>";
		};
/* End PBXVariantGroup section */

/* Begin XCBuildConfiguration section */
		A827BF142708AB0800F8B879 /* Debug */ = {
			isa = XCBuildConfiguration;
			buildSettings = {
				ALWAYS_SEARCH_USER_PATHS = NO;
				CLANG_ANALYZER_NONNULL = YES;
				CLANG_ANALYZER_NUMBER_OBJECT_CONVERSION = YES_AGGRESSIVE;
				CLANG_CXX_LANGUAGE_STANDARD = "gnu++14";
				CLANG_CXX_LIBRARY = "libc++";
				CLANG_ENABLE_MODULES = YES;
				CLANG_ENABLE_OBJC_ARC = YES;
				CLANG_ENABLE_OBJC_WEAK = YES;
				CLANG_WARN_BLOCK_CAPTURE_AUTORELEASING = YES;
				CLANG_WARN_BOOL_CONVERSION = YES;
				CLANG_WARN_COMMA = YES;
				CLANG_WARN_CONSTANT_CONVERSION = YES;
				CLANG_WARN_DEPRECATED_OBJC_IMPLEMENTATIONS = YES;
				CLANG_WARN_DIRECT_OBJC_ISA_USAGE = YES_ERROR;
				CLANG_WARN_DOCUMENTATION_COMMENTS = YES;
				CLANG_WARN_EMPTY_BODY = YES;
				CLANG_WARN_ENUM_CONVERSION = YES;
				CLANG_WARN_INFINITE_RECURSION = YES;
				CLANG_WARN_INT_CONVERSION = YES;
				CLANG_WARN_NON_LITERAL_NULL_CONVERSION = YES;
				CLANG_WARN_OBJC_IMPLICIT_RETAIN_SELF = YES;
				CLANG_WARN_OBJC_LITERAL_CONVERSION = YES;
				CLANG_WARN_OBJC_ROOT_CLASS = YES_ERROR;
				CLANG_WARN_QUOTED_INCLUDE_IN_FRAMEWORK_HEADER = YES;
				CLANG_WARN_RANGE_LOOP_ANALYSIS = YES;
				CLANG_WARN_STRICT_PROTOTYPES = YES;
				CLANG_WARN_SUSPICIOUS_MOVE = YES;
				CLANG_WARN_UNGUARDED_AVAILABILITY = YES_AGGRESSIVE;
				CLANG_WARN_UNREACHABLE_CODE = YES;
				CLANG_WARN__DUPLICATE_METHOD_MATCH = YES;
				COPY_PHASE_STRIP = NO;
				DEBUG_INFORMATION_FORMAT = dwarf;
				ENABLE_STRICT_OBJC_MSGSEND = YES;
				ENABLE_TESTABILITY = YES;
				GCC_C_LANGUAGE_STANDARD = gnu11;
				GCC_DYNAMIC_NO_PIC = NO;
				GCC_NO_COMMON_BLOCKS = YES;
				GCC_OPTIMIZATION_LEVEL = 0;
				GCC_PREPROCESSOR_DEFINITIONS = (
					"DEBUG=1",
					"$(inherited)",
				);
				GCC_WARN_64_TO_32_BIT_CONVERSION = YES;
				GCC_WARN_ABOUT_RETURN_TYPE = YES_ERROR;
				GCC_WARN_UNDECLARED_SELECTOR = YES;
				GCC_WARN_UNINITIALIZED_AUTOS = YES_AGGRESSIVE;
				GCC_WARN_UNUSED_FUNCTION = YES;
				GCC_WARN_UNUSED_VARIABLE = YES;
				IPHONEOS_DEPLOYMENT_TARGET = 14.5;
				MTL_ENABLE_DEBUG_INFO = INCLUDE_SOURCE;
				MTL_FAST_MATH = YES;
				ONLY_ACTIVE_ARCH = YES;
				SDKROOT = iphoneos;
				SWIFT_ACTIVE_COMPILATION_CONDITIONS = DEBUG;
				SWIFT_OPTIMIZATION_LEVEL = "-Onone";
			};
			name = Debug;
		};
		A827BF152708AB0800F8B879 /* Release */ = {
			isa = XCBuildConfiguration;
			buildSettings = {
				ALWAYS_SEARCH_USER_PATHS = NO;
				CLANG_ANALYZER_NONNULL = YES;
				CLANG_ANALYZER_NUMBER_OBJECT_CONVERSION = YES_AGGRESSIVE;
				CLANG_CXX_LANGUAGE_STANDARD = "gnu++14";
				CLANG_CXX_LIBRARY = "libc++";
				CLANG_ENABLE_MODULES = YES;
				CLANG_ENABLE_OBJC_ARC = YES;
				CLANG_ENABLE_OBJC_WEAK = YES;
				CLANG_WARN_BLOCK_CAPTURE_AUTORELEASING = YES;
				CLANG_WARN_BOOL_CONVERSION = YES;
				CLANG_WARN_COMMA = YES;
				CLANG_WARN_CONSTANT_CONVERSION = YES;
				CLANG_WARN_DEPRECATED_OBJC_IMPLEMENTATIONS = YES;
				CLANG_WARN_DIRECT_OBJC_ISA_USAGE = YES_ERROR;
				CLANG_WARN_DOCUMENTATION_COMMENTS = YES;
				CLANG_WARN_EMPTY_BODY = YES;
				CLANG_WARN_ENUM_CONVERSION = YES;
				CLANG_WARN_INFINITE_RECURSION = YES;
				CLANG_WARN_INT_CONVERSION = YES;
				CLANG_WARN_NON_LITERAL_NULL_CONVERSION = YES;
				CLANG_WARN_OBJC_IMPLICIT_RETAIN_SELF = YES;
				CLANG_WARN_OBJC_LITERAL_CONVERSION = YES;
				CLANG_WARN_OBJC_ROOT_CLASS = YES_ERROR;
				CLANG_WARN_QUOTED_INCLUDE_IN_FRAMEWORK_HEADER = YES;
				CLANG_WARN_RANGE_LOOP_ANALYSIS = YES;
				CLANG_WARN_STRICT_PROTOTYPES = YES;
				CLANG_WARN_SUSPICIOUS_MOVE = YES;
				CLANG_WARN_UNGUARDED_AVAILABILITY = YES_AGGRESSIVE;
				CLANG_WARN_UNREACHABLE_CODE = YES;
				CLANG_WARN__DUPLICATE_METHOD_MATCH = YES;
				COPY_PHASE_STRIP = NO;
				DEBUG_INFORMATION_FORMAT = "dwarf-with-dsym";
				ENABLE_NS_ASSERTIONS = NO;
				ENABLE_STRICT_OBJC_MSGSEND = YES;
				GCC_C_LANGUAGE_STANDARD = gnu11;
				GCC_NO_COMMON_BLOCKS = YES;
				GCC_WARN_64_TO_32_BIT_CONVERSION = YES;
				GCC_WARN_ABOUT_RETURN_TYPE = YES_ERROR;
				GCC_WARN_UNDECLARED_SELECTOR = YES;
				GCC_WARN_UNINITIALIZED_AUTOS = YES_AGGRESSIVE;
				GCC_WARN_UNUSED_FUNCTION = YES;
				GCC_WARN_UNUSED_VARIABLE = YES;
				IPHONEOS_DEPLOYMENT_TARGET = 14.5;
				MTL_ENABLE_DEBUG_INFO = NO;
				MTL_FAST_MATH = YES;
				SDKROOT = iphoneos;
				SWIFT_COMPILATION_MODE = wholemodule;
				SWIFT_OPTIMIZATION_LEVEL = "-O";
				VALIDATE_PRODUCT = YES;
			};
			name = Release;
		};
		A827BF172708AB0800F8B879 /* Debug */ = {
			isa = XCBuildConfiguration;
			baseConfigurationReference = F8D71F515EDB95BFF0EB1BB9 /* Pods-Practice3.debug.xcconfig */;
			buildSettings = {
				ASSETCATALOG_COMPILER_APPICON_NAME = AppIcon;
				ASSETCATALOG_COMPILER_GLOBAL_ACCENT_COLOR_NAME = AccentColor;
				CODE_SIGN_STYLE = Automatic;
				DEVELOPMENT_TEAM = ZMXTCSPNUZ;
				INFOPLIST_FILE = Practice3/Info.plist;
				LD_RUNPATH_SEARCH_PATHS = (
					"$(inherited)",
					"@executable_path/Frameworks",
				);
				PRODUCT_BUNDLE_IDENTIFIER = com.itlearning.Practice3;
				PRODUCT_NAME = "$(TARGET_NAME)";
				SWIFT_VERSION = 5.0;
				TARGETED_DEVICE_FAMILY = "1,2";
			};
			name = Debug;
		};
		A827BF182708AB0800F8B879 /* Release */ = {
			isa = XCBuildConfiguration;
			baseConfigurationReference = 06CD9A7B165C3A9745DDB0E9 /* Pods-Practice3.release.xcconfig */;
			buildSettings = {
				ASSETCATALOG_COMPILER_APPICON_NAME = AppIcon;
				ASSETCATALOG_COMPILER_GLOBAL_ACCENT_COLOR_NAME = AccentColor;
				CODE_SIGN_STYLE = Automatic;
				DEVELOPMENT_TEAM = ZMXTCSPNUZ;
				INFOPLIST_FILE = Practice3/Info.plist;
				LD_RUNPATH_SEARCH_PATHS = (
					"$(inherited)",
					"@executable_path/Frameworks",
				);
				PRODUCT_BUNDLE_IDENTIFIER = com.itlearning.Practice3;
				PRODUCT_NAME = "$(TARGET_NAME)";
				SWIFT_VERSION = 5.0;
				TARGETED_DEVICE_FAMILY = "1,2";
			};
			name = Release;
		};
/* End XCBuildConfiguration section */

/* Begin XCConfigurationList section */
		A827BEFD2708AB0700F8B879 /* Build configuration list for PBXProject "Practice3" */ = {
			isa = XCConfigurationList;
			buildConfigurations = (
				A827BF142708AB0800F8B879 /* Debug */,
				A827BF152708AB0800F8B879 /* Release */,
			);
			defaultConfigurationIsVisible = 0;
			defaultConfigurationName = Release;
		};
		A827BF162708AB0800F8B879 /* Build configuration list for PBXNativeTarget "Practice3" */ = {
			isa = XCConfigurationList;
			buildConfigurations = (
				A827BF172708AB0800F8B879 /* Debug */,
				A827BF182708AB0800F8B879 /* Release */,
			);
			defaultConfigurationIsVisible = 0;
			defaultConfigurationName = Release;
		};
/* End XCConfigurationList section */
	};
	rootObject = A827BEFA2708AB0700F8B879 /* Project object */;
}
