// !$*UTF8*$!
{
	archiveVersion = 1;
	classes = {
	};
	objectVersion = 51;
	objects = {

/* Begin PBXBuildFile section */
		4211F83F10C038BD7D283051 /* Pods_UltraProject1Tests.framework in Frameworks */ = {isa = PBXBuildFile; fileRef = 3DE69499A89F5AFE53D86E38 /* Pods_UltraProject1Tests.framework */; };
		56800BCB268B1085B891DB3C /* Pods_UltraProject1.framework in Frameworks */ = {isa = PBXBuildFile; fileRef = E125606C2E51BE8946684D19 /* Pods_UltraProject1.framework */; };
		5EB467A12701B55200096AC6 /* LoginViewController.swift in Sources */ = {isa = PBXBuildFile; fileRef = 5EB467A02701B55200096AC6 /* LoginViewController.swift */; };
		5EB467A92701EF7800096AC6 /* MainViewController.swift in Sources */ = {isa = PBXBuildFile; fileRef = 5EB467A82701EF7800096AC6 /* MainViewController.swift */; };
		5EB467AB2701EF9200096AC6 /* RecordViewController.swift in Sources */ = {isa = PBXBuildFile; fileRef = 5EB467AA2701EF9200096AC6 /* RecordViewController.swift */; };
		5EB467AF2701EFD400096AC6 /* UIColor.swift in Sources */ = {isa = PBXBuildFile; fileRef = 5EB467AE2701EFD400096AC6 /* UIColor.swift */; };
		5EB467C42702C28D00096AC6 /* Model.xcdatamodeld in Sources */ = {isa = PBXBuildFile; fileRef = 5EB467C22702C28D00096AC6 /* Model.xcdatamodeld */; };
		5EB467C62702C33C00096AC6 /* CoreDataManager.swift in Sources */ = {isa = PBXBuildFile; fileRef = 5EB467C52702C33C00096AC6 /* CoreDataManager.swift */; };
		5EB467C82702C52900096AC6 /* Score.swift in Sources */ = {isa = PBXBuildFile; fileRef = 5EB467C72702C52900096AC6 /* Score.swift */; };
		5EB467CB2702F24A00096AC6 /* PrintFn.swift in Sources */ = {isa = PBXBuildFile; fileRef = 5EB467CA2702F24A00096AC6 /* PrintFn.swift */; };
		5EB467CD2702F9E800096AC6 /* KakaoAuthManager.swift in Sources */ = {isa = PBXBuildFile; fileRef = 5EB467CC2702F9E800096AC6 /* KakaoAuthManager.swift */; };
		5EB467D52703655700096AC6 /* ScoreTableViewCell.swift in Sources */ = {isa = PBXBuildFile; fileRef = 5EB467D42703655700096AC6 /* ScoreTableViewCell.swift */; };
		959BD7262703530200D4CEB3 /* TimerManager.swift in Sources */ = {isa = PBXBuildFile; fileRef = 959BD7252703530200D4CEB3 /* TimerManager.swift */; };
		959DC6782701B88B005C6C7A /* ResultViewController.swift in Sources */ = {isa = PBXBuildFile; fileRef = 959DC6772701B88B005C6C7A /* ResultViewController.swift */; };
		A87D70BC2701B97500C723F9 /* GameViewController.swift in Sources */ = {isa = PBXBuildFile; fileRef = A87D70BB2701B97500C723F9 /* GameViewController.swift */; };
		A87D70BE2701C50900C723F9 /* GameCollectionViewCell.swift in Sources */ = {isa = PBXBuildFile; fileRef = A87D70BD2701C50900C723F9 /* GameCollectionViewCell.swift */; };
		A87D70C02701C5C200C723F9 /* Numbers.swift in Sources */ = {isa = PBXBuildFile; fileRef = A87D70BF2701C5C200C723F9 /* Numbers.swift */; };
		B0D557D9270197BC00143B0E /* AppDelegate.swift in Sources */ = {isa = PBXBuildFile; fileRef = B0D557D8270197BC00143B0E /* AppDelegate.swift */; };
		B0D557E3270197BC00143B0E /* UltraProject1.xcdatamodeld in Sources */ = {isa = PBXBuildFile; fileRef = B0D557E1270197BC00143B0E /* UltraProject1.xcdatamodeld */; };
		B0D557E5270197BD00143B0E /* Assets.xcassets in Resources */ = {isa = PBXBuildFile; fileRef = B0D557E4270197BD00143B0E /* Assets.xcassets */; };
		B0D557E8270197BD00143B0E /* LaunchScreen.storyboard in Resources */ = {isa = PBXBuildFile; fileRef = B0D557E6270197BD00143B0E /* LaunchScreen.storyboard */; };
		B0D557F3270197BD00143B0E /* UltraProject1Tests.swift in Sources */ = {isa = PBXBuildFile; fileRef = B0D557F2270197BD00143B0E /* UltraProject1Tests.swift */; };
		B0D557FE270197BD00143B0E /* UltraProject1UITests.swift in Sources */ = {isa = PBXBuildFile; fileRef = B0D557FD270197BD00143B0E /* UltraProject1UITests.swift */; };
		FD44864C566728C8398FF5C5 /* Pods_UltraProject1_UltraProject1UITests.framework in Frameworks */ = {isa = PBXBuildFile; fileRef = 9A24A64A83D62F6DF40506B1 /* Pods_UltraProject1_UltraProject1UITests.framework */; };
/* End PBXBuildFile section */

/* Begin PBXContainerItemProxy section */
		B0D557EF270197BD00143B0E /* PBXContainerItemProxy */ = {
			isa = PBXContainerItemProxy;
			containerPortal = B0D557CD270197BC00143B0E /* Project object */;
			proxyType = 1;
			remoteGlobalIDString = B0D557D4270197BC00143B0E;
			remoteInfo = UltraProject1;
		};
		B0D557FA270197BD00143B0E /* PBXContainerItemProxy */ = {
			isa = PBXContainerItemProxy;
			containerPortal = B0D557CD270197BC00143B0E /* Project object */;
			proxyType = 1;
			remoteGlobalIDString = B0D557D4270197BC00143B0E;
			remoteInfo = UltraProject1;
		};
/* End PBXContainerItemProxy section */

/* Begin PBXFileReference section */
		3DE69499A89F5AFE53D86E38 /* Pods_UltraProject1Tests.framework */ = {isa = PBXFileReference; explicitFileType = wrapper.framework; includeInIndex = 0; path = Pods_UltraProject1Tests.framework; sourceTree = BUILT_PRODUCTS_DIR; };
		56139497094E3E3E42D81623 /* Pods-UltraProject1.release.xcconfig */ = {isa = PBXFileReference; includeInIndex = 1; lastKnownFileType = text.xcconfig; name = "Pods-UltraProject1.release.xcconfig"; path = "Target Support Files/Pods-UltraProject1/Pods-UltraProject1.release.xcconfig"; sourceTree = "<group>"; };
		5EB467A02701B55200096AC6 /* LoginViewController.swift */ = {isa = PBXFileReference; lastKnownFileType = sourcecode.swift; path = LoginViewController.swift; sourceTree = "<group>"; };
		5EB467A82701EF7800096AC6 /* MainViewController.swift */ = {isa = PBXFileReference; lastKnownFileType = sourcecode.swift; path = MainViewController.swift; sourceTree = "<group>"; };
		5EB467AA2701EF9200096AC6 /* RecordViewController.swift */ = {isa = PBXFileReference; lastKnownFileType = sourcecode.swift; path = RecordViewController.swift; sourceTree = "<group>"; };
		5EB467AE2701EFD400096AC6 /* UIColor.swift */ = {isa = PBXFileReference; lastKnownFileType = sourcecode.swift; name = UIColor.swift; path = UltraProject1/Extensions/UIColor.swift; sourceTree = SOURCE_ROOT; };
		5EB467C32702C28D00096AC6 /* Model.xcdatamodel */ = {isa = PBXFileReference; lastKnownFileType = wrapper.xcdatamodel; path = Model.xcdatamodel; sourceTree = "<group>"; };
		5EB467C52702C33C00096AC6 /* CoreDataManager.swift */ = {isa = PBXFileReference; lastKnownFileType = sourcecode.swift; name = CoreDataManager.swift; path = UltraProject1/Functions/CoreDataManager.swift; sourceTree = SOURCE_ROOT; };
		5EB467C72702C52900096AC6 /* Score.swift */ = {isa = PBXFileReference; lastKnownFileType = sourcecode.swift; name = Score.swift; path = UltraProject1/Models/Score.swift; sourceTree = SOURCE_ROOT; };
		5EB467CA2702F24A00096AC6 /* PrintFn.swift */ = {isa = PBXFileReference; lastKnownFileType = sourcecode.swift; path = PrintFn.swift; sourceTree = "<group>"; };
		5EB467CC2702F9E800096AC6 /* KakaoAuthManager.swift */ = {isa = PBXFileReference; lastKnownFileType = sourcecode.swift; path = KakaoAuthManager.swift; sourceTree = "<group>"; };
		5EB467D42703655700096AC6 /* ScoreTableViewCell.swift */ = {isa = PBXFileReference; lastKnownFileType = sourcecode.swift; path = ScoreTableViewCell.swift; sourceTree = "<group>"; };
		79CA3AD89B0763D055449BB2 /* Pods-UltraProject1-UltraProject1UITests.release.xcconfig */ = {isa = PBXFileReference; includeInIndex = 1; lastKnownFileType = text.xcconfig; name = "Pods-UltraProject1-UltraProject1UITests.release.xcconfig"; path = "Target Support Files/Pods-UltraProject1-UltraProject1UITests/Pods-UltraProject1-UltraProject1UITests.release.xcconfig"; sourceTree = "<group>"; };
		837C2F6EBFCF36ECA28B79D5 /* Pods-UltraProject1Tests.release.xcconfig */ = {isa = PBXFileReference; includeInIndex = 1; lastKnownFileType = text.xcconfig; name = "Pods-UltraProject1Tests.release.xcconfig"; path = "Target Support Files/Pods-UltraProject1Tests/Pods-UltraProject1Tests.release.xcconfig"; sourceTree = "<group>"; };
		90ED58B1FC1CD07258D61664 /* Pods-UltraProject1.debug.xcconfig */ = {isa = PBXFileReference; includeInIndex = 1; lastKnownFileType = text.xcconfig; name = "Pods-UltraProject1.debug.xcconfig"; path = "Target Support Files/Pods-UltraProject1/Pods-UltraProject1.debug.xcconfig"; sourceTree = "<group>"; };
		959BD7252703530200D4CEB3 /* TimerManager.swift */ = {isa = PBXFileReference; lastKnownFileType = sourcecode.swift; path = TimerManager.swift; sourceTree = "<group>"; };
		959DC6772701B88B005C6C7A /* ResultViewController.swift */ = {isa = PBXFileReference; lastKnownFileType = sourcecode.swift; path = ResultViewController.swift; sourceTree = "<group>"; };
		9A24A64A83D62F6DF40506B1 /* Pods_UltraProject1_UltraProject1UITests.framework */ = {isa = PBXFileReference; explicitFileType = wrapper.framework; includeInIndex = 0; path = Pods_UltraProject1_UltraProject1UITests.framework; sourceTree = BUILT_PRODUCTS_DIR; };
		9B7AE0C2FB73124A931484E2 /* Pods-UltraProject1Tests.debug.xcconfig */ = {isa = PBXFileReference; includeInIndex = 1; lastKnownFileType = text.xcconfig; name = "Pods-UltraProject1Tests.debug.xcconfig"; path = "Target Support Files/Pods-UltraProject1Tests/Pods-UltraProject1Tests.debug.xcconfig"; sourceTree = "<group>"; };
		A87D70BB2701B97500C723F9 /* GameViewController.swift */ = {isa = PBXFileReference; lastKnownFileType = sourcecode.swift; path = GameViewController.swift; sourceTree = "<group>"; };
		A87D70BD2701C50900C723F9 /* GameCollectionViewCell.swift */ = {isa = PBXFileReference; lastKnownFileType = sourcecode.swift; name = GameCollectionViewCell.swift; path = UltraProject1/Cells/GameCollectionViewCell.swift; sourceTree = SOURCE_ROOT; };
		A87D70BF2701C5C200C723F9 /* Numbers.swift */ = {isa = PBXFileReference; lastKnownFileType = sourcecode.swift; name = Numbers.swift; path = UltraProject1/Models/Numbers.swift; sourceTree = SOURCE_ROOT; };
		B0D557D5270197BC00143B0E /* UltraProject1.app */ = {isa = PBXFileReference; explicitFileType = wrapper.application; includeInIndex = 0; path = UltraProject1.app; sourceTree = BUILT_PRODUCTS_DIR; };
		B0D557D8270197BC00143B0E /* AppDelegate.swift */ = {isa = PBXFileReference; lastKnownFileType = sourcecode.swift; path = AppDelegate.swift; sourceTree = "<group>"; };
		B0D557E2270197BC00143B0E /* UltraProject1.xcdatamodel */ = {isa = PBXFileReference; lastKnownFileType = wrapper.xcdatamodel; path = UltraProject1.xcdatamodel; sourceTree = "<group>"; };
		B0D557E4270197BD00143B0E /* Assets.xcassets */ = {isa = PBXFileReference; lastKnownFileType = folder.assetcatalog; path = Assets.xcassets; sourceTree = "<group>"; };
		B0D557E7270197BD00143B0E /* Base */ = {isa = PBXFileReference; lastKnownFileType = file.storyboard; name = Base; path = Base.lproj/LaunchScreen.storyboard; sourceTree = "<group>"; };
		B0D557E9270197BD00143B0E /* Info.plist */ = {isa = PBXFileReference; lastKnownFileType = text.plist.xml; path = Info.plist; sourceTree = "<group>"; };
		B0D557EE270197BD00143B0E /* UltraProject1Tests.xctest */ = {isa = PBXFileReference; explicitFileType = wrapper.cfbundle; includeInIndex = 0; path = UltraProject1Tests.xctest; sourceTree = BUILT_PRODUCTS_DIR; };
		B0D557F2270197BD00143B0E /* UltraProject1Tests.swift */ = {isa = PBXFileReference; lastKnownFileType = sourcecode.swift; path = UltraProject1Tests.swift; sourceTree = "<group>"; };
		B0D557F4270197BD00143B0E /* Info.plist */ = {isa = PBXFileReference; lastKnownFileType = text.plist.xml; path = Info.plist; sourceTree = "<group>"; };
		B0D557F9270197BD00143B0E /* UltraProject1UITests.xctest */ = {isa = PBXFileReference; explicitFileType = wrapper.cfbundle; includeInIndex = 0; path = UltraProject1UITests.xctest; sourceTree = BUILT_PRODUCTS_DIR; };
		B0D557FD270197BD00143B0E /* UltraProject1UITests.swift */ = {isa = PBXFileReference; lastKnownFileType = sourcecode.swift; path = UltraProject1UITests.swift; sourceTree = "<group>"; };
		B0D557FF270197BD00143B0E /* Info.plist */ = {isa = PBXFileReference; lastKnownFileType = text.plist.xml; path = Info.plist; sourceTree = "<group>"; };
		E125606C2E51BE8946684D19 /* Pods_UltraProject1.framework */ = {isa = PBXFileReference; explicitFileType = wrapper.framework; includeInIndex = 0; path = Pods_UltraProject1.framework; sourceTree = BUILT_PRODUCTS_DIR; };
		FC14BE564B4F74C448EF9204 /* Pods-UltraProject1-UltraProject1UITests.debug.xcconfig */ = {isa = PBXFileReference; includeInIndex = 1; lastKnownFileType = text.xcconfig; name = "Pods-UltraProject1-UltraProject1UITests.debug.xcconfig"; path = "Target Support Files/Pods-UltraProject1-UltraProject1UITests/Pods-UltraProject1-UltraProject1UITests.debug.xcconfig"; sourceTree = "<group>"; };
/* End PBXFileReference section */

/* Begin PBXFrameworksBuildPhase section */
		B0D557D2270197BC00143B0E /* Frameworks */ = {
			isa = PBXFrameworksBuildPhase;
			buildActionMask = 2147483647;
			files = (
				56800BCB268B1085B891DB3C /* Pods_UltraProject1.framework in Frameworks */,
			);
			runOnlyForDeploymentPostprocessing = 0;
		};
		B0D557EB270197BD00143B0E /* Frameworks */ = {
			isa = PBXFrameworksBuildPhase;
			buildActionMask = 2147483647;
			files = (
				4211F83F10C038BD7D283051 /* Pods_UltraProject1Tests.framework in Frameworks */,
			);
			runOnlyForDeploymentPostprocessing = 0;
		};
		B0D557F6270197BD00143B0E /* Frameworks */ = {
			isa = PBXFrameworksBuildPhase;
			buildActionMask = 2147483647;
			files = (
				FD44864C566728C8398FF5C5 /* Pods_UltraProject1_UltraProject1UITests.framework in Frameworks */,
			);
			runOnlyForDeploymentPostprocessing = 0;
		};
/* End PBXFrameworksBuildPhase section */

/* Begin PBXGroup section */
		5EB4679B2701B4F600096AC6 /* Cells */ = {
			isa = PBXGroup;
			children = (
				A87D70BD2701C50900C723F9 /* GameCollectionViewCell.swift */,
				5EB467D42703655700096AC6 /* ScoreTableViewCell.swift */,
			);
			path = Cells;
			sourceTree = "<group>";
		};
		5EB4679C2701B4FB00096AC6 /* Models */ = {
			isa = PBXGroup;
			children = (
				A87D70BF2701C5C200C723F9 /* Numbers.swift */,
				5EB467C72702C52900096AC6 /* Score.swift */,
			);
			path = Models;
			sourceTree = "<group>";
		};
		5EB4679D2701B50800096AC6 /* ViewControllers */ = {
			isa = PBXGroup;
			children = (
				5EB467A02701B55200096AC6 /* LoginViewController.swift */,
				5EB467A82701EF7800096AC6 /* MainViewController.swift */,
				A87D70BB2701B97500C723F9 /* GameViewController.swift */,
				959DC6772701B88B005C6C7A /* ResultViewController.swift */,
				5EB467AA2701EF9200096AC6 /* RecordViewController.swift */,
			);
			path = ViewControllers;
			sourceTree = "<group>";
		};
		5EB4679E2701B51300096AC6 /* Functions */ = {
			isa = PBXGroup;
			children = (
				5EB467CC2702F9E800096AC6 /* KakaoAuthManager.swift */,
				5EB467C52702C33C00096AC6 /* CoreDataManager.swift */,
				5EB467CA2702F24A00096AC6 /* PrintFn.swift */,
				5EB467CC2702F9E800096AC6 /* KakaoAuthManager.swift */,
				959BD7252703530200D4CEB3 /* TimerManager.swift */,
			);
			path = Functions;
			sourceTree = "<group>";
		};
		5EB4679F2701B52100096AC6 /* Extensions */ = {
			isa = PBXGroup;
			children = (
				5EB467AE2701EFD400096AC6 /* UIColor.swift */,
			);
			path = Extensions;
			sourceTree = "<group>";
		};
		A239DA3902717F0F416C2003 /* Frameworks */ = {
			isa = PBXGroup;
			children = (
				E125606C2E51BE8946684D19 /* Pods_UltraProject1.framework */,
				9A24A64A83D62F6DF40506B1 /* Pods_UltraProject1_UltraProject1UITests.framework */,
				3DE69499A89F5AFE53D86E38 /* Pods_UltraProject1Tests.framework */,
			);
			name = Frameworks;
			sourceTree = "<group>";
		};
		B0D557CC270197BC00143B0E = {
			isa = PBXGroup;
			children = (
				B0D557D7270197BC00143B0E /* UltraProject1 */,
				B0D557F1270197BD00143B0E /* UltraProject1Tests */,
				B0D557FC270197BD00143B0E /* UltraProject1UITests */,
				B0D557D6270197BC00143B0E /* Products */,
				D2B640DB06CAB97AB16E7952 /* Pods */,
				A239DA3902717F0F416C2003 /* Frameworks */,
			);
			sourceTree = "<group>";
		};
		B0D557D6270197BC00143B0E /* Products */ = {
			isa = PBXGroup;
			children = (
				B0D557D5270197BC00143B0E /* UltraProject1.app */,
				B0D557EE270197BD00143B0E /* UltraProject1Tests.xctest */,
				B0D557F9270197BD00143B0E /* UltraProject1UITests.xctest */,
			);
			name = Products;
			sourceTree = "<group>";
		};
		B0D557D7270197BC00143B0E /* UltraProject1 */ = {
			isa = PBXGroup;
			children = (
				5EB4679C2701B4FB00096AC6 /* Models */,
				5EB4679B2701B4F600096AC6 /* Cells */,
				5EB4679D2701B50800096AC6 /* ViewControllers */,
				5EB4679E2701B51300096AC6 /* Functions */,
				5EB4679F2701B52100096AC6 /* Extensions */,
				5EB467C22702C28D00096AC6 /* Model.xcdatamodeld */,
				B0D557D8270197BC00143B0E /* AppDelegate.swift */,
				B0D557E4270197BD00143B0E /* Assets.xcassets */,
				B0D557E6270197BD00143B0E /* LaunchScreen.storyboard */,
				B0D557E9270197BD00143B0E /* Info.plist */,
				B0D557E1270197BC00143B0E /* UltraProject1.xcdatamodeld */,
			);
			path = UltraProject1;
			sourceTree = "<group>";
		};
		B0D557F1270197BD00143B0E /* UltraProject1Tests */ = {
			isa = PBXGroup;
			children = (
				B0D557F2270197BD00143B0E /* UltraProject1Tests.swift */,
				B0D557F4270197BD00143B0E /* Info.plist */,
			);
			path = UltraProject1Tests;
			sourceTree = "<group>";
		};
		B0D557FC270197BD00143B0E /* UltraProject1UITests */ = {
			isa = PBXGroup;
			children = (
				B0D557FD270197BD00143B0E /* UltraProject1UITests.swift */,
				B0D557FF270197BD00143B0E /* Info.plist */,
			);
			path = UltraProject1UITests;
			sourceTree = "<group>";
		};
		D2B640DB06CAB97AB16E7952 /* Pods */ = {
			isa = PBXGroup;
			children = (
				90ED58B1FC1CD07258D61664 /* Pods-UltraProject1.debug.xcconfig */,
				56139497094E3E3E42D81623 /* Pods-UltraProject1.release.xcconfig */,
				FC14BE564B4F74C448EF9204 /* Pods-UltraProject1-UltraProject1UITests.debug.xcconfig */,
				79CA3AD89B0763D055449BB2 /* Pods-UltraProject1-UltraProject1UITests.release.xcconfig */,
				9B7AE0C2FB73124A931484E2 /* Pods-UltraProject1Tests.debug.xcconfig */,
				837C2F6EBFCF36ECA28B79D5 /* Pods-UltraProject1Tests.release.xcconfig */,
			);
			path = Pods;
			sourceTree = "<group>";
		};
/* End PBXGroup section */

/* Begin PBXNativeTarget section */
		B0D557D4270197BC00143B0E /* UltraProject1 */ = {
			isa = PBXNativeTarget;
			buildConfigurationList = B0D55802270197BD00143B0E /* Build configuration list for PBXNativeTarget "UltraProject1" */;
			buildPhases = (
				3AE45F5029F635C3C8EECB6E /* [CP] Check Pods Manifest.lock */,
				B0D557D1270197BC00143B0E /* Sources */,
				B0D557D2270197BC00143B0E /* Frameworks */,
				B0D557D3270197BC00143B0E /* Resources */,
				DB26896303DA6901A5D76823 /* [CP] Embed Pods Frameworks */,
			);
			buildRules = (
			);
			dependencies = (
			);
			name = UltraProject1;
			productName = UltraProject1;
			productReference = B0D557D5270197BC00143B0E /* UltraProject1.app */;
			productType = "com.apple.product-type.application";
		};
		B0D557ED270197BD00143B0E /* UltraProject1Tests */ = {
			isa = PBXNativeTarget;
			buildConfigurationList = B0D55805270197BD00143B0E /* Build configuration list for PBXNativeTarget "UltraProject1Tests" */;
			buildPhases = (
				383A10031FEDD13D29224B65 /* [CP] Check Pods Manifest.lock */,
				B0D557EA270197BD00143B0E /* Sources */,
				B0D557EB270197BD00143B0E /* Frameworks */,
				B0D557EC270197BD00143B0E /* Resources */,
			);
			buildRules = (
			);
			dependencies = (
				B0D557F0270197BD00143B0E /* PBXTargetDependency */,
			);
			name = UltraProject1Tests;
			productName = UltraProject1Tests;
			productReference = B0D557EE270197BD00143B0E /* UltraProject1Tests.xctest */;
			productType = "com.apple.product-type.bundle.unit-test";
		};
		B0D557F8270197BD00143B0E /* UltraProject1UITests */ = {
			isa = PBXNativeTarget;
			buildConfigurationList = B0D55808270197BD00143B0E /* Build configuration list for PBXNativeTarget "UltraProject1UITests" */;
			buildPhases = (
				4D67586F06843BBCA91CFEAC /* [CP] Check Pods Manifest.lock */,
				B0D557F5270197BD00143B0E /* Sources */,
				B0D557F6270197BD00143B0E /* Frameworks */,
				B0D557F7270197BD00143B0E /* Resources */,
				7471E19A6AF48E7A68EA9719 /* [CP] Embed Pods Frameworks */,
			);
			buildRules = (
			);
			dependencies = (
				B0D557FB270197BD00143B0E /* PBXTargetDependency */,
			);
			name = UltraProject1UITests;
			productName = UltraProject1UITests;
			productReference = B0D557F9270197BD00143B0E /* UltraProject1UITests.xctest */;
			productType = "com.apple.product-type.bundle.ui-testing";
		};
/* End PBXNativeTarget section */

/* Begin PBXProject section */
		B0D557CD270197BC00143B0E /* Project object */ = {
			isa = PBXProject;
			attributes = {
				LastSwiftUpdateCheck = 1250;
				LastUpgradeCheck = 1250;
				TargetAttributes = {
					B0D557D4270197BC00143B0E = {
						CreatedOnToolsVersion = 12.5.1;
					};
					B0D557ED270197BD00143B0E = {
						CreatedOnToolsVersion = 12.5.1;
						TestTargetID = B0D557D4270197BC00143B0E;
					};
					B0D557F8270197BD00143B0E = {
						CreatedOnToolsVersion = 12.5.1;
						TestTargetID = B0D557D4270197BC00143B0E;
					};
				};
			};
			buildConfigurationList = B0D557D0270197BC00143B0E /* Build configuration list for PBXProject "UltraProject1" */;
			compatibilityVersion = "Xcode 9.3";
			developmentRegion = en;
			hasScannedForEncodings = 0;
			knownRegions = (
				en,
				Base,
			);
			mainGroup = B0D557CC270197BC00143B0E;
			productRefGroup = B0D557D6270197BC00143B0E /* Products */;
			projectDirPath = "";
			projectRoot = "";
			targets = (
				B0D557D4270197BC00143B0E /* UltraProject1 */,
				B0D557ED270197BD00143B0E /* UltraProject1Tests */,
				B0D557F8270197BD00143B0E /* UltraProject1UITests */,
			);
		};
/* End PBXProject section */

/* Begin PBXResourcesBuildPhase section */
		B0D557D3270197BC00143B0E /* Resources */ = {
			isa = PBXResourcesBuildPhase;
			buildActionMask = 2147483647;
			files = (
				B0D557E8270197BD00143B0E /* LaunchScreen.storyboard in Resources */,
				B0D557E5270197BD00143B0E /* Assets.xcassets in Resources */,
			);
			runOnlyForDeploymentPostprocessing = 0;
		};
		B0D557EC270197BD00143B0E /* Resources */ = {
			isa = PBXResourcesBuildPhase;
			buildActionMask = 2147483647;
			files = (
			);
			runOnlyForDeploymentPostprocessing = 0;
		};
		B0D557F7270197BD00143B0E /* Resources */ = {
			isa = PBXResourcesBuildPhase;
			buildActionMask = 2147483647;
			files = (
			);
			runOnlyForDeploymentPostprocessing = 0;
		};
/* End PBXResourcesBuildPhase section */

/* Begin PBXShellScriptBuildPhase section */
		383A10031FEDD13D29224B65 /* [CP] Check Pods Manifest.lock */ = {
			isa = PBXShellScriptBuildPhase;
			buildActionMask = 2147483647;
			files = (
			);
			inputFileListPaths = (
			);
			inputPaths = (
				"${PODS_PODFILE_DIR_PATH}/Podfile.lock",
				"${PODS_ROOT}/Manifest.lock",
			);
			name = "[CP] Check Pods Manifest.lock";
			outputFileListPaths = (
			);
			outputPaths = (
				"$(DERIVED_FILE_DIR)/Pods-UltraProject1Tests-checkManifestLockResult.txt",
			);
			runOnlyForDeploymentPostprocessing = 0;
			shellPath = /bin/sh;
			shellScript = "diff \"${PODS_PODFILE_DIR_PATH}/Podfile.lock\" \"${PODS_ROOT}/Manifest.lock\" > /dev/null\nif [ $? != 0 ] ; then\n    # print error to STDERR\n    echo \"error: The sandbox is not in sync with the Podfile.lock. Run 'pod install' or update your CocoaPods installation.\" >&2\n    exit 1\nfi\n# This output is used by Xcode 'outputs' to avoid re-running this script phase.\necho \"SUCCESS\" > \"${SCRIPT_OUTPUT_FILE_0}\"\n";
			showEnvVarsInLog = 0;
		};
		3AE45F5029F635C3C8EECB6E /* [CP] Check Pods Manifest.lock */ = {
			isa = PBXShellScriptBuildPhase;
			buildActionMask = 2147483647;
			files = (
			);
			inputFileListPaths = (
			);
			inputPaths = (
				"${PODS_PODFILE_DIR_PATH}/Podfile.lock",
				"${PODS_ROOT}/Manifest.lock",
			);
			name = "[CP] Check Pods Manifest.lock";
			outputFileListPaths = (
			);
			outputPaths = (
				"$(DERIVED_FILE_DIR)/Pods-UltraProject1-checkManifestLockResult.txt",
			);
			runOnlyForDeploymentPostprocessing = 0;
			shellPath = /bin/sh;
			shellScript = "diff \"${PODS_PODFILE_DIR_PATH}/Podfile.lock\" \"${PODS_ROOT}/Manifest.lock\" > /dev/null\nif [ $? != 0 ] ; then\n    # print error to STDERR\n    echo \"error: The sandbox is not in sync with the Podfile.lock. Run 'pod install' or update your CocoaPods installation.\" >&2\n    exit 1\nfi\n# This output is used by Xcode 'outputs' to avoid re-running this script phase.\necho \"SUCCESS\" > \"${SCRIPT_OUTPUT_FILE_0}\"\n";
			showEnvVarsInLog = 0;
		};
		4D67586F06843BBCA91CFEAC /* [CP] Check Pods Manifest.lock */ = {
			isa = PBXShellScriptBuildPhase;
			buildActionMask = 2147483647;
			files = (
			);
			inputFileListPaths = (
			);
			inputPaths = (
				"${PODS_PODFILE_DIR_PATH}/Podfile.lock",
				"${PODS_ROOT}/Manifest.lock",
			);
			name = "[CP] Check Pods Manifest.lock";
			outputFileListPaths = (
			);
			outputPaths = (
				"$(DERIVED_FILE_DIR)/Pods-UltraProject1-UltraProject1UITests-checkManifestLockResult.txt",
			);
			runOnlyForDeploymentPostprocessing = 0;
			shellPath = /bin/sh;
			shellScript = "diff \"${PODS_PODFILE_DIR_PATH}/Podfile.lock\" \"${PODS_ROOT}/Manifest.lock\" > /dev/null\nif [ $? != 0 ] ; then\n    # print error to STDERR\n    echo \"error: The sandbox is not in sync with the Podfile.lock. Run 'pod install' or update your CocoaPods installation.\" >&2\n    exit 1\nfi\n# This output is used by Xcode 'outputs' to avoid re-running this script phase.\necho \"SUCCESS\" > \"${SCRIPT_OUTPUT_FILE_0}\"\n";
			showEnvVarsInLog = 0;
		};
		7471E19A6AF48E7A68EA9719 /* [CP] Embed Pods Frameworks */ = {
			isa = PBXShellScriptBuildPhase;
			buildActionMask = 2147483647;
			files = (
			);
			inputFileListPaths = (
				"${PODS_ROOT}/Target Support Files/Pods-UltraProject1-UltraProject1UITests/Pods-UltraProject1-UltraProject1UITests-frameworks-${CONFIGURATION}-input-files.xcfilelist",
			);
			name = "[CP] Embed Pods Frameworks";
			outputFileListPaths = (
				"${PODS_ROOT}/Target Support Files/Pods-UltraProject1-UltraProject1UITests/Pods-UltraProject1-UltraProject1UITests-frameworks-${CONFIGURATION}-output-files.xcfilelist",
			);
			runOnlyForDeploymentPostprocessing = 0;
			shellPath = /bin/sh;
			shellScript = "\"${PODS_ROOT}/Target Support Files/Pods-UltraProject1-UltraProject1UITests/Pods-UltraProject1-UltraProject1UITests-frameworks.sh\"\n";
			showEnvVarsInLog = 0;
		};
		DB26896303DA6901A5D76823 /* [CP] Embed Pods Frameworks */ = {
			isa = PBXShellScriptBuildPhase;
			buildActionMask = 2147483647;
			files = (
			);
			inputFileListPaths = (
				"${PODS_ROOT}/Target Support Files/Pods-UltraProject1/Pods-UltraProject1-frameworks-${CONFIGURATION}-input-files.xcfilelist",
			);
			name = "[CP] Embed Pods Frameworks";
			outputFileListPaths = (
				"${PODS_ROOT}/Target Support Files/Pods-UltraProject1/Pods-UltraProject1-frameworks-${CONFIGURATION}-output-files.xcfilelist",
			);
			runOnlyForDeploymentPostprocessing = 0;
			shellPath = /bin/sh;
			shellScript = "\"${PODS_ROOT}/Target Support Files/Pods-UltraProject1/Pods-UltraProject1-frameworks.sh\"\n";
			showEnvVarsInLog = 0;
		};
/* End PBXShellScriptBuildPhase section */

/* Begin PBXSourcesBuildPhase section */
		B0D557D1270197BC00143B0E /* Sources */ = {
			isa = PBXSourcesBuildPhase;
			buildActionMask = 2147483647;
			files = (
				A87D70BC2701B97500C723F9 /* GameViewController.swift in Sources */,
				A87D70BE2701C50900C723F9 /* GameCollectionViewCell.swift in Sources */,
				5EB467D127032FB400096AC6 /* ScoreTableViewCell.swift in Sources */,
				A87D70C02701C5C200C723F9 /* Numbers.swift in Sources */,
				5EB467C82702C52900096AC6 /* Score.swift in Sources */,
				5EB467AB2701EF9200096AC6 /* RecordViewController.swift in Sources */,
				5EB467A12701B55200096AC6 /* LoginViewController.swift in Sources */,
				5EB467D52703655700096AC6 /* ScoreTableViewCell.swift in Sources */,
				5EB467CD2702F9E800096AC6 /* KakaoAuthManager.swift in Sources */,
				B0D557D9270197BC00143B0E /* AppDelegate.swift in Sources */,
				5EB467C62702C33C00096AC6 /* CoreDataManager.swift in Sources */,
				959BD7262703530200D4CEB3 /* TimerManager.swift in Sources */,
				B0D557E3270197BC00143B0E /* UltraProject1.xcdatamodeld in Sources */,
				5EB467CB2702F24A00096AC6 /* PrintFn.swift in Sources */,
				959DC6782701B88B005C6C7A /* ResultViewController.swift in Sources */,
				5EB467A92701EF7800096AC6 /* MainViewController.swift in Sources */,
				5EB467C42702C28D00096AC6 /* Model.xcdatamodeld in Sources */,
				5EB467AF2701EFD400096AC6 /* UIColor.swift in Sources */,
			);
			runOnlyForDeploymentPostprocessing = 0;
		};
		B0D557EA270197BD00143B0E /* Sources */ = {
			isa = PBXSourcesBuildPhase;
			buildActionMask = 2147483647;
			files = (
				B0D557F3270197BD00143B0E /* UltraProject1Tests.swift in Sources */,
			);
			runOnlyForDeploymentPostprocessing = 0;
		};
		B0D557F5270197BD00143B0E /* Sources */ = {
			isa = PBXSourcesBuildPhase;
			buildActionMask = 2147483647;
			files = (
				B0D557FE270197BD00143B0E /* UltraProject1UITests.swift in Sources */,
			);
			runOnlyForDeploymentPostprocessing = 0;
		};
/* End PBXSourcesBuildPhase section */

/* Begin PBXTargetDependency section */
		B0D557F0270197BD00143B0E /* PBXTargetDependency */ = {
			isa = PBXTargetDependency;
			target = B0D557D4270197BC00143B0E /* UltraProject1 */;
			targetProxy = B0D557EF270197BD00143B0E /* PBXContainerItemProxy */;
		};
		B0D557FB270197BD00143B0E /* PBXTargetDependency */ = {
			isa = PBXTargetDependency;
			target = B0D557D4270197BC00143B0E /* UltraProject1 */;
			targetProxy = B0D557FA270197BD00143B0E /* PBXContainerItemProxy */;
		};
/* End PBXTargetDependency section */

/* Begin PBXVariantGroup section */
		B0D557E6270197BD00143B0E /* LaunchScreen.storyboard */ = {
			isa = PBXVariantGroup;
			children = (
				B0D557E7270197BD00143B0E /* Base */,
			);
			name = LaunchScreen.storyboard;
			sourceTree = "<group>";
		};
/* End PBXVariantGroup section */

/* Begin XCBuildConfiguration section */
		B0D55800270197BD00143B0E /* Debug */ = {
			isa = XCBuildConfiguration;
			buildSettings = {
				ALWAYS_SEARCH_USER_PATHS = NO;
				CLANG_ANALYZER_NONNULL = YES;
				CLANG_ANALYZER_NUMBER_OBJECT_CONVERSION = YES_AGGRESSIVE;
				CLANG_CXX_LANGUAGE_STANDARD = "gnu++14";
				CLANG_CXX_LIBRARY = "libc++";
				CLANG_ENABLE_MODULES = YES;
				CLANG_ENABLE_OBJC_ARC = YES;
				CLANG_ENABLE_OBJC_WEAK = YES;
				CLANG_WARN_BLOCK_CAPTURE_AUTORELEASING = YES;
				CLANG_WARN_BOOL_CONVERSION = YES;
				CLANG_WARN_COMMA = YES;
				CLANG_WARN_CONSTANT_CONVERSION = YES;
				CLANG_WARN_DEPRECATED_OBJC_IMPLEMENTATIONS = YES;
				CLANG_WARN_DIRECT_OBJC_ISA_USAGE = YES_ERROR;
				CLANG_WARN_DOCUMENTATION_COMMENTS = YES;
				CLANG_WARN_EMPTY_BODY = YES;
				CLANG_WARN_ENUM_CONVERSION = YES;
				CLANG_WARN_INFINITE_RECURSION = YES;
				CLANG_WARN_INT_CONVERSION = YES;
				CLANG_WARN_NON_LITERAL_NULL_CONVERSION = YES;
				CLANG_WARN_OBJC_IMPLICIT_RETAIN_SELF = YES;
				CLANG_WARN_OBJC_LITERAL_CONVERSION = YES;
				CLANG_WARN_OBJC_ROOT_CLASS = YES_ERROR;
				CLANG_WARN_QUOTED_INCLUDE_IN_FRAMEWORK_HEADER = YES;
				CLANG_WARN_RANGE_LOOP_ANALYSIS = YES;
				CLANG_WARN_STRICT_PROTOTYPES = YES;
				CLANG_WARN_SUSPICIOUS_MOVE = YES;
				CLANG_WARN_UNGUARDED_AVAILABILITY = YES_AGGRESSIVE;
				CLANG_WARN_UNREACHABLE_CODE = YES;
				CLANG_WARN__DUPLICATE_METHOD_MATCH = YES;
				COPY_PHASE_STRIP = NO;
				DEBUG_INFORMATION_FORMAT = dwarf;
				ENABLE_STRICT_OBJC_MSGSEND = YES;
				ENABLE_TESTABILITY = YES;
				GCC_C_LANGUAGE_STANDARD = gnu11;
				GCC_DYNAMIC_NO_PIC = NO;
				GCC_NO_COMMON_BLOCKS = YES;
				GCC_OPTIMIZATION_LEVEL = 0;
				GCC_PREPROCESSOR_DEFINITIONS = (
					"DEBUG=1",
					"$(inherited)",
				);
				GCC_WARN_64_TO_32_BIT_CONVERSION = YES;
				GCC_WARN_ABOUT_RETURN_TYPE = YES_ERROR;
				GCC_WARN_UNDECLARED_SELECTOR = YES;
				GCC_WARN_UNINITIALIZED_AUTOS = YES_AGGRESSIVE;
				GCC_WARN_UNUSED_FUNCTION = YES;
				GCC_WARN_UNUSED_VARIABLE = YES;
				IPHONEOS_DEPLOYMENT_TARGET = 14.5;
				MTL_ENABLE_DEBUG_INFO = INCLUDE_SOURCE;
				MTL_FAST_MATH = YES;
				ONLY_ACTIVE_ARCH = YES;
				SDKROOT = iphoneos;
				SWIFT_ACTIVE_COMPILATION_CONDITIONS = DEBUG;
				SWIFT_OPTIMIZATION_LEVEL = "-Onone";
			};
			name = Debug;
		};
		B0D55801270197BD00143B0E /* Release */ = {
			isa = XCBuildConfiguration;
			buildSettings = {
				ALWAYS_SEARCH_USER_PATHS = NO;
				CLANG_ANALYZER_NONNULL = YES;
				CLANG_ANALYZER_NUMBER_OBJECT_CONVERSION = YES_AGGRESSIVE;
				CLANG_CXX_LANGUAGE_STANDARD = "gnu++14";
				CLANG_CXX_LIBRARY = "libc++";
				CLANG_ENABLE_MODULES = YES;
				CLANG_ENABLE_OBJC_ARC = YES;
				CLANG_ENABLE_OBJC_WEAK = YES;
				CLANG_WARN_BLOCK_CAPTURE_AUTORELEASING = YES;
				CLANG_WARN_BOOL_CONVERSION = YES;
				CLANG_WARN_COMMA = YES;
				CLANG_WARN_CONSTANT_CONVERSION = YES;
				CLANG_WARN_DEPRECATED_OBJC_IMPLEMENTATIONS = YES;
				CLANG_WARN_DIRECT_OBJC_ISA_USAGE = YES_ERROR;
				CLANG_WARN_DOCUMENTATION_COMMENTS = YES;
				CLANG_WARN_EMPTY_BODY = YES;
				CLANG_WARN_ENUM_CONVERSION = YES;
				CLANG_WARN_INFINITE_RECURSION = YES;
				CLANG_WARN_INT_CONVERSION = YES;
				CLANG_WARN_NON_LITERAL_NULL_CONVERSION = YES;
				CLANG_WARN_OBJC_IMPLICIT_RETAIN_SELF = YES;
				CLANG_WARN_OBJC_LITERAL_CONVERSION = YES;
				CLANG_WARN_OBJC_ROOT_CLASS = YES_ERROR;
				CLANG_WARN_QUOTED_INCLUDE_IN_FRAMEWORK_HEADER = YES;
				CLANG_WARN_RANGE_LOOP_ANALYSIS = YES;
				CLANG_WARN_STRICT_PROTOTYPES = YES;
				CLANG_WARN_SUSPICIOUS_MOVE = YES;
				CLANG_WARN_UNGUARDED_AVAILABILITY = YES_AGGRESSIVE;
				CLANG_WARN_UNREACHABLE_CODE = YES;
				CLANG_WARN__DUPLICATE_METHOD_MATCH = YES;
				COPY_PHASE_STRIP = NO;
				DEBUG_INFORMATION_FORMAT = "dwarf-with-dsym";
				ENABLE_NS_ASSERTIONS = NO;
				ENABLE_STRICT_OBJC_MSGSEND = YES;
				GCC_C_LANGUAGE_STANDARD = gnu11;
				GCC_NO_COMMON_BLOCKS = YES;
				GCC_WARN_64_TO_32_BIT_CONVERSION = YES;
				GCC_WARN_ABOUT_RETURN_TYPE = YES_ERROR;
				GCC_WARN_UNDECLARED_SELECTOR = YES;
				GCC_WARN_UNINITIALIZED_AUTOS = YES_AGGRESSIVE;
				GCC_WARN_UNUSED_FUNCTION = YES;
				GCC_WARN_UNUSED_VARIABLE = YES;
				IPHONEOS_DEPLOYMENT_TARGET = 14.5;
				MTL_ENABLE_DEBUG_INFO = NO;
				MTL_FAST_MATH = YES;
				SDKROOT = iphoneos;
				SWIFT_COMPILATION_MODE = wholemodule;
				SWIFT_OPTIMIZATION_LEVEL = "-O";
				VALIDATE_PRODUCT = YES;
			};
			name = Release;
		};
		B0D55803270197BD00143B0E /* Debug */ = {
			isa = XCBuildConfiguration;
			baseConfigurationReference = 90ED58B1FC1CD07258D61664 /* Pods-UltraProject1.debug.xcconfig */;
			buildSettings = {
				ASSETCATALOG_COMPILER_APPICON_NAME = AppIcon;
				ASSETCATALOG_COMPILER_GLOBAL_ACCENT_COLOR_NAME = AccentColor;
				CODE_SIGN_STYLE = Automatic;
				DEVELOPMENT_TEAM = M79H9K226Y;
				INFOPLIST_FILE = UltraProject1/Info.plist;
				LD_RUNPATH_SEARCH_PATHS = (
					"$(inherited)",
					"@executable_path/Frameworks",
				);
				PRODUCT_BUNDLE_IDENTIFIER = com.denny.UltraProject1;
				PRODUCT_NAME = "$(TARGET_NAME)";
				SWIFT_VERSION = 5.0;
				TARGETED_DEVICE_FAMILY = "1,2";
			};
			name = Debug;
		};
		B0D55804270197BD00143B0E /* Release */ = {
			isa = XCBuildConfiguration;
			baseConfigurationReference = 56139497094E3E3E42D81623 /* Pods-UltraProject1.release.xcconfig */;
			buildSettings = {
				ASSETCATALOG_COMPILER_APPICON_NAME = AppIcon;
				ASSETCATALOG_COMPILER_GLOBAL_ACCENT_COLOR_NAME = AccentColor;
				CODE_SIGN_STYLE = Automatic;
				DEVELOPMENT_TEAM = M79H9K226Y;
				INFOPLIST_FILE = UltraProject1/Info.plist;
				LD_RUNPATH_SEARCH_PATHS = (
					"$(inherited)",
					"@executable_path/Frameworks",
				);
				PRODUCT_BUNDLE_IDENTIFIER = com.denny.UltraProject1;
				PRODUCT_NAME = "$(TARGET_NAME)";
				SWIFT_VERSION = 5.0;
				TARGETED_DEVICE_FAMILY = "1,2";
			};
			name = Release;
		};
		B0D55806270197BD00143B0E /* Debug */ = {
			isa = XCBuildConfiguration;
			baseConfigurationReference = 9B7AE0C2FB73124A931484E2 /* Pods-UltraProject1Tests.debug.xcconfig */;
			buildSettings = {
				ALWAYS_EMBED_SWIFT_STANDARD_LIBRARIES = YES;
				BUNDLE_LOADER = "$(TEST_HOST)";
				CODE_SIGN_STYLE = Automatic;
				DEVELOPMENT_TEAM = M79H9K226Y;
				INFOPLIST_FILE = UltraProject1Tests/Info.plist;
				IPHONEOS_DEPLOYMENT_TARGET = 14.5;
				LD_RUNPATH_SEARCH_PATHS = (
					"$(inherited)",
					"@executable_path/Frameworks",
					"@loader_path/Frameworks",
				);
				PRODUCT_BUNDLE_IDENTIFIER = com.denny.UltraProject1Tests;
				PRODUCT_NAME = "$(TARGET_NAME)";
				SWIFT_VERSION = 5.0;
				TARGETED_DEVICE_FAMILY = "1,2";
				TEST_HOST = "$(BUILT_PRODUCTS_DIR)/UltraProject1.app/UltraProject1";
			};
			name = Debug;
		};
		B0D55807270197BD00143B0E /* Release */ = {
			isa = XCBuildConfiguration;
			baseConfigurationReference = 837C2F6EBFCF36ECA28B79D5 /* Pods-UltraProject1Tests.release.xcconfig */;
			buildSettings = {
				ALWAYS_EMBED_SWIFT_STANDARD_LIBRARIES = YES;
				BUNDLE_LOADER = "$(TEST_HOST)";
				CODE_SIGN_STYLE = Automatic;
				DEVELOPMENT_TEAM = M79H9K226Y;
				INFOPLIST_FILE = UltraProject1Tests/Info.plist;
				IPHONEOS_DEPLOYMENT_TARGET = 14.5;
				LD_RUNPATH_SEARCH_PATHS = (
					"$(inherited)",
					"@executable_path/Frameworks",
					"@loader_path/Frameworks",
				);
				PRODUCT_BUNDLE_IDENTIFIER = com.denny.UltraProject1Tests;
				PRODUCT_NAME = "$(TARGET_NAME)";
				SWIFT_VERSION = 5.0;
				TARGETED_DEVICE_FAMILY = "1,2";
				TEST_HOST = "$(BUILT_PRODUCTS_DIR)/UltraProject1.app/UltraProject1";
			};
			name = Release;
		};
		B0D55809270197BD00143B0E /* Debug */ = {
			isa = XCBuildConfiguration;
			baseConfigurationReference = FC14BE564B4F74C448EF9204 /* Pods-UltraProject1-UltraProject1UITests.debug.xcconfig */;
			buildSettings = {
				ALWAYS_EMBED_SWIFT_STANDARD_LIBRARIES = YES;
				CODE_SIGN_STYLE = Automatic;
				DEVELOPMENT_TEAM = M79H9K226Y;
				INFOPLIST_FILE = UltraProject1UITests/Info.plist;
				LD_RUNPATH_SEARCH_PATHS = (
					"$(inherited)",
					"@executable_path/Frameworks",
					"@loader_path/Frameworks",
				);
				PRODUCT_BUNDLE_IDENTIFIER = com.denny.UltraProject1UITests;
				PRODUCT_NAME = "$(TARGET_NAME)";
				SWIFT_VERSION = 5.0;
				TARGETED_DEVICE_FAMILY = "1,2";
				TEST_TARGET_NAME = UltraProject1;
			};
			name = Debug;
		};
		B0D5580A270197BD00143B0E /* Release */ = {
			isa = XCBuildConfiguration;
			baseConfigurationReference = 79CA3AD89B0763D055449BB2 /* Pods-UltraProject1-UltraProject1UITests.release.xcconfig */;
			buildSettings = {
				ALWAYS_EMBED_SWIFT_STANDARD_LIBRARIES = YES;
				CODE_SIGN_STYLE = Automatic;
				DEVELOPMENT_TEAM = M79H9K226Y;
				INFOPLIST_FILE = UltraProject1UITests/Info.plist;
				LD_RUNPATH_SEARCH_PATHS = (
					"$(inherited)",
					"@executable_path/Frameworks",
					"@loader_path/Frameworks",
				);
				PRODUCT_BUNDLE_IDENTIFIER = com.denny.UltraProject1UITests;
				PRODUCT_NAME = "$(TARGET_NAME)";
				SWIFT_VERSION = 5.0;
				TARGETED_DEVICE_FAMILY = "1,2";
				TEST_TARGET_NAME = UltraProject1;
			};
			name = Release;
		};
/* End XCBuildConfiguration section */

/* Begin XCConfigurationList section */
		B0D557D0270197BC00143B0E /* Build configuration list for PBXProject "UltraProject1" */ = {
			isa = XCConfigurationList;
			buildConfigurations = (
				B0D55800270197BD00143B0E /* Debug */,
				B0D55801270197BD00143B0E /* Release */,
			);
			defaultConfigurationIsVisible = 0;
			defaultConfigurationName = Release;
		};
		B0D55802270197BD00143B0E /* Build configuration list for PBXNativeTarget "UltraProject1" */ = {
			isa = XCConfigurationList;
			buildConfigurations = (
				B0D55803270197BD00143B0E /* Debug */,
				B0D55804270197BD00143B0E /* Release */,
			);
			defaultConfigurationIsVisible = 0;
			defaultConfigurationName = Release;
		};
		B0D55805270197BD00143B0E /* Build configuration list for PBXNativeTarget "UltraProject1Tests" */ = {
			isa = XCConfigurationList;
			buildConfigurations = (
				B0D55806270197BD00143B0E /* Debug */,
				B0D55807270197BD00143B0E /* Release */,
			);
			defaultConfigurationIsVisible = 0;
			defaultConfigurationName = Release;
		};
		B0D55808270197BD00143B0E /* Build configuration list for PBXNativeTarget "UltraProject1UITests" */ = {
			isa = XCConfigurationList;
			buildConfigurations = (
				B0D55809270197BD00143B0E /* Debug */,
				B0D5580A270197BD00143B0E /* Release */,
			);
			defaultConfigurationIsVisible = 0;
			defaultConfigurationName = Release;
		};
/* End XCConfigurationList section */

/* Begin XCVersionGroup section */
		5EB467C22702C28D00096AC6 /* Model.xcdatamodeld */ = {
			isa = XCVersionGroup;
			children = (
				5EB467C32702C28D00096AC6 /* Model.xcdatamodel */,
			);
			currentVersion = 5EB467C32702C28D00096AC6 /* Model.xcdatamodel */;
			path = Model.xcdatamodeld;
			sourceTree = "<group>";
			versionGroupType = wrapper.xcdatamodel;
		};
		B0D557E1270197BC00143B0E /* UltraProject1.xcdatamodeld */ = {
			isa = XCVersionGroup;
			children = (
				B0D557E2270197BC00143B0E /* UltraProject1.xcdatamodel */,
			);
			currentVersion = B0D557E2270197BC00143B0E /* UltraProject1.xcdatamodel */;
			path = UltraProject1.xcdatamodeld;
			sourceTree = "<group>";
			versionGroupType = wrapper.xcdatamodel;
		};
/* End XCVersionGroup section */
	};
	rootObject = B0D557CD270197BC00143B0E /* Project object */;
}
